
Microsoft Visual Studio Solution File, Format Version 12.00
# Visual Studio Version 16
VisualStudioVersion = 16.0.30114.105
MinimumVisualStudioVersion = 10.0.40219.1
Project("{2150E333-8FDC-42A3-9474-1A3956D46DE8}") = "src", "src", "{26EC0370-809E-4E17-99E5-4AEB71DA414D}"
EndProject
Project("{9A19103F-16F7-4668-BE54-9A1E7A4F7556}") = "abstract-factory-design-pattern", "src\abstract-factory-design-pattern\abstract-factory-design-pattern.csproj", "{31A22EF1-0B57-4E07-B50A-7EAE419D05D3}"
EndProject
Project("{9A19103F-16F7-4668-BE54-9A1E7A4F7556}") = "active-object-design-pattern", "src\active-object-design-pattern\active-object-design-pattern.csproj", "{A7B763AD-3FE6-44ED-BE99-4706CDF5BAAA}"
EndProject
Project("{9A19103F-16F7-4668-BE54-9A1E7A4F7556}") = "adapter-design-pattern", "src\adapter-design-pattern\adapter-design-pattern.csproj", "{1D56BEC5-5ED4-4082-AB95-DB0B95B68A21}"
EndProject
Project("{9A19103F-16F7-4668-BE54-9A1E7A4F7556}") = "balking-design-pattern", "src\balking-design-pattern\balking-design-pattern.csproj", "{CC67A3C0-14D5-4912-A777-DC6E368FAD59}"
EndProject
Project("{9A19103F-16F7-4668-BE54-9A1E7A4F7556}") = "thread-specific-storage-design-pattern", "src\thread-specific-storage-design-pattern\thread-specific-storage-design-pattern.csproj", "{4556DDC9-282A-4854-ABDC-23716A0F00F5}"
EndProject
Project("{2150E333-8FDC-42A3-9474-1A3956D46DE8}") = "Solution Items", "Solution Items", "{439C9FBB-F606-4715-8FB6-08794BA41504}"
	ProjectSection(SolutionItems) = preProject
		.editorconfig = .editorconfig
	EndProjectSection
EndProject
Project("{9A19103F-16F7-4668-BE54-9A1E7A4F7556}") = "binding-properties-design-pattern", "src\binding-properties-design-pattern\binding-properties-design-pattern.csproj", "{FA17F0CF-8DB7-4620-80A8-FA235C8D40F3}"
EndProject
Project("{9A19103F-16F7-4668-BE54-9A1E7A4F7556}") = "blackboard-design-pattern", "src\blackboard-design-pattern\blackboard-design-pattern.csproj", "{C7148232-87E7-4934-97E9-4F986FD16C9A}"
EndProject
Project("{9A19103F-16F7-4668-BE54-9A1E7A4F7556}") = "bridge-design-pattern", "src\bridge-design-pattern\bridge-design-pattern.csproj", "{7C4A560A-AE73-4798-82FB-AABDC5F47AB0}"
EndProject
Project("{9A19103F-16F7-4668-BE54-9A1E7A4F7556}") = "builder-design-pattern", "src\builder-design-pattern\builder-design-pattern.csproj", "{67C7C531-66B8-48B6-908C-2A38A0833B35}"
EndProject
Project("{9A19103F-16F7-4668-BE54-9A1E7A4F7556}") = "chain-of-responsibility-design-pattern", "src\chain-of-responsibility-design-pattern\chain-of-responsibility-design-pattern.csproj", "{6D251305-AAA7-459F-B9A9-ACE560D7DC1D}"
EndProject
Project("{9A19103F-16F7-4668-BE54-9A1E7A4F7556}") = "command-design-pattern", "src\command-design-pattern\command-design-pattern.csproj", "{C3FCBB95-A588-4B59-B989-675817ED4FA7}"
EndProject
Project("{9A19103F-16F7-4668-BE54-9A1E7A4F7556}") = "composite-design-pattern", "src\composite-design-pattern\composite-design-pattern.csproj", "{14FB14E0-9E5D-4A85-9733-A5DA61E9146C}"
EndProject
Project("{9A19103F-16F7-4668-BE54-9A1E7A4F7556}") = "compute-kernel-design-pattern", "src\compute-kernel-design-pattern\compute-kernel-design-pattern.csproj", "{DBD70E3B-0C57-452E-A22B-4731FF865DFA}"
EndProject
Project("{9A19103F-16F7-4668-BE54-9A1E7A4F7556}") = "cpu-atomic-operation-design-pattern", "src\cpu-atomic-operation-design-pattern\cpu-atomic-operation-design-pattern.csproj", "{087444AC-C5A4-4DEE-8CDB-7FBD5CBE8B26}"
EndProject
Project("{9A19103F-16F7-4668-BE54-9A1E7A4F7556}") = "decorator-design-pattern", "src\decorator-design-pattern\decorator-design-pattern.csproj", "{D3AA545E-A8AA-47A7-8768-E66849B0E3FC}"
EndProject
Project("{9A19103F-16F7-4668-BE54-9A1E7A4F7556}") = "dependency-injection-design-pattern", "src\dependency-injection-design-pattern\dependency-injection-design-pattern.csproj", "{867589DE-07C3-47C8-91E1-A8C85FDDA19A}"
EndProject
Project("{9A19103F-16F7-4668-BE54-9A1E7A4F7556}") = "double-checked-locking-design-pattern", "src\double-checked-locking-design-pattern\double-checked-locking-design-pattern.csproj", "{F492DB35-5119-44F9-9B7D-B72E93787E9A}"
EndProject
Project("{9A19103F-16F7-4668-BE54-9A1E7A4F7556}") = "event-based-asynchronous-design-pattern", "src\event-based-asynchronous-design-pattern\event-based-asynchronous-design-pattern.csproj", "{163F019A-9FB6-4C59-B0DE-2D0C1A5F8CB5}"
EndProject
Project("{9A19103F-16F7-4668-BE54-9A1E7A4F7556}") = "extension-object-design-pattern", "src\extension-object-design-pattern\extension-object-design-pattern.csproj", "{DA4226B9-6D6E-40A9-A0FC-D3DFF0B8694E}"
EndProject
Project("{9A19103F-16F7-4668-BE54-9A1E7A4F7556}") = "facade-design-pattern", "src\facade-design-pattern\facade-design-pattern.csproj", "{32635950-59C9-4AAE-84E2-8500B6DE371F}"
EndProject
Project("{9A19103F-16F7-4668-BE54-9A1E7A4F7556}") = "factory-method-design-pattern", "src\factory-method-design-pattern\factory-method-design-pattern.csproj", "{539DE18F-23F2-4EF5-AF9B-19D774032A1F}"
EndProject
Project("{9A19103F-16F7-4668-BE54-9A1E7A4F7556}") = "fluent-interface-design-pattern", "src\fluent-interface-design-pattern\fluent-interface-design-pattern.csproj", "{49C3E5D5-FF9D-4B0A-8AF4-66EA1BABF7F7}"
EndProject
Project("{9A19103F-16F7-4668-BE54-9A1E7A4F7556}") = "flyweight-design-pattern", "src\flyweight-design-pattern\flyweight-design-pattern.csproj", "{3FA88C8C-9326-4E82-A555-578C2C4C3AD8}"
EndProject
Project("{9A19103F-16F7-4668-BE54-9A1E7A4F7556}") = "front-controller-design-pattern", "src\front-controller-design-pattern\front-controller-design-pattern.csproj", "{6A9EA459-0E8C-441E-A529-469B19491DA9}"
EndProject
Project("{9A19103F-16F7-4668-BE54-9A1E7A4F7556}") = "guarded-suspension-design-pattern", "src\guarded-suspension-design-pattern\guarded-suspension-design-pattern.csproj", "{1B2813CE-145F-4BF8-A94B-825834D3E6D2}"
EndProject
Project("{9A19103F-16F7-4668-BE54-9A1E7A4F7556}") = "interpreter-design-pattern", "src\interpreter-design-pattern\interpreter-design-pattern.csproj", "{45E37956-3531-4254-9858-BAC0CB025638}"
EndProject
Project("{9A19103F-16F7-4668-BE54-9A1E7A4F7556}") = "iterator-design-pattern", "src\iterator-design-pattern\iterator-design-pattern.csproj", "{AB9CD84B-BE99-49D1-BAEF-9F27A26260DF}"
EndProject
Project("{9A19103F-16F7-4668-BE54-9A1E7A4F7556}") = "join-design-pattern", "src\join-design-pattern\join-design-pattern.csproj", "{6F689A83-B4F4-4CB2-81F8-A271A8CEB6CD}"
EndProject
Project("{9A19103F-16F7-4668-BE54-9A1E7A4F7556}") = "lazy-initialization-design-pattern", "src\lazy-initialization-design-pattern\lazy-initialization-design-pattern.csproj", "{B1D6846B-5BBB-450E-A897-C5A6CE897C0A}"
EndProject
Project("{9A19103F-16F7-4668-BE54-9A1E7A4F7556}") = "lock-design-pattern", "src\lock-design-pattern\lock-design-pattern.csproj", "{D9479099-289B-4B54-B046-47813E4E4D0A}"
EndProject
Project("{9A19103F-16F7-4668-BE54-9A1E7A4F7556}") = "marker-design-pattern", "src\marker-design-pattern\marker-design-pattern.csproj", "{CD28172B-EC0D-41EB-ACA1-FB0C8CFE5A89}"
EndProject
Project("{9A19103F-16F7-4668-BE54-9A1E7A4F7556}") = "mediator-design-pattern", "src\mediator-design-pattern\mediator-design-pattern.csproj", "{CD876CFB-94B3-45AA-9373-8DAA9A18FE29}"
EndProject
Project("{9A19103F-16F7-4668-BE54-9A1E7A4F7556}") = "memento-design-pattern", "src\memento-design-pattern\memento-design-pattern.csproj", "{F8D965CB-7C59-471D-8DCC-DEC05BE16FF6}"
EndProject
Project("{9A19103F-16F7-4668-BE54-9A1E7A4F7556}") = "messaging-design-pattern-design-pattern", "src\messaging-design-pattern-design-pattern\messaging-design-pattern-design-pattern.csproj", "{42F52A4A-DD8E-4C48-B148-3A5E32EB8D0D}"
EndProject
Project("{9A19103F-16F7-4668-BE54-9A1E7A4F7556}") = "module-design-pattern", "src\module-design-pattern\module-design-pattern.csproj", "{47BAAE99-C6EF-46A9-829B-110F97FD3ED5}"
EndProject
Project("{9A19103F-16F7-4668-BE54-9A1E7A4F7556}") = "monitor-object-design-pattern", "src\monitor-object-design-pattern\monitor-object-design-pattern.csproj", "{953C7A19-8564-4EE7-A46B-9BC70D9CF06E}"
EndProject
Project("{9A19103F-16F7-4668-BE54-9A1E7A4F7556}") = "multiton-design-pattern", "src\multiton-design-pattern\multiton-design-pattern.csproj", "{A7D938B9-80B0-4F35-84C0-5CBF44411BB3}"
EndProject
Project("{9A19103F-16F7-4668-BE54-9A1E7A4F7556}") = "null-object-design-pattern", "src\null-object-design-pattern\null-object-design-pattern.csproj", "{E6F4AD14-AA3F-4480-BD06-F5ECA7723119}"
EndProject
Project("{9A19103F-16F7-4668-BE54-9A1E7A4F7556}") = "object-pool-design-pattern", "src\object-pool-design-pattern\object-pool-design-pattern.csproj", "{F87E30AA-7026-413C-82DD-0DA202D81DA4}"
EndProject
Project("{9A19103F-16F7-4668-BE54-9A1E7A4F7556}") = "observer-design-pattern", "src\observer-design-pattern\observer-design-pattern.csproj", "{4BE1AC95-A664-44B3-B7A2-32B621DE7E0D}"
EndProject
Project("{9A19103F-16F7-4668-BE54-9A1E7A4F7556}") = "prototype-design-pattern", "src\prototype-design-pattern\prototype-design-pattern.csproj", "{7013B30E-AB7B-44CA-BBCA-9A9FBD78633E}"
EndProject
Project("{9A19103F-16F7-4668-BE54-9A1E7A4F7556}") = "proxy-design-pattern", "src\proxy-design-pattern\proxy-design-pattern.csproj", "{20AB73BA-7246-49D5-9D4D-5BB5491DF48A}"
EndProject
Project("{9A19103F-16F7-4668-BE54-9A1E7A4F7556}") = "publish-subscribe-design-pattern", "src\publish-subscribe-design-pattern\publish-subscribe-design-pattern.csproj", "{1B978700-894B-4DB4-BD4A-A34DA77CB5E2}"
EndProject
Project("{9A19103F-16F7-4668-BE54-9A1E7A4F7556}") = "reactor-design-pattern", "src\reactor-design-pattern\reactor-design-pattern.csproj", "{46A8C249-6156-45CA-B425-168E93E6CEA5}"
EndProject
Project("{9A19103F-16F7-4668-BE54-9A1E7A4F7556}") = "read-write-lock-design-pattern", "src\read-write-lock-design-pattern\read-write-lock-design-pattern.csproj", "{4EC49EB1-5E5B-43BF-8994-E5F26C3ACB86}"
EndProject
Project("{9A19103F-16F7-4668-BE54-9A1E7A4F7556}") = "resource-acquisition-is-initialization-design-pattern", "src\resource-acquisition-is-initialization-design-pattern\resource-acquisition-is-initialization-design-pattern.csproj", "{C911B6DC-7BED-4EAA-8FC2-47F582214255}"
EndProject
Project("{9A19103F-16F7-4668-BE54-9A1E7A4F7556}") = "safe-concurrency-with-exclusive-ownership-design-pattern", "src\safe-concurrency-with-exclusive-ownership-design-pattern\safe-concurrency-with-exclusive-ownership-design-pattern.csproj", "{60923376-A81F-493F-B5B3-BB260F554F53}"
EndProject
Project("{9A19103F-16F7-4668-BE54-9A1E7A4F7556}") = "scheduler-design-pattern", "src\scheduler-design-pattern\scheduler-design-pattern.csproj", "{FFF68465-64DE-44E6-B40E-925C082BEF5F}"
EndProject
Project("{9A19103F-16F7-4668-BE54-9A1E7A4F7556}") = "servant-design-pattern", "src\servant-design-pattern\servant-design-pattern.csproj", "{AF986C41-0C7D-4AF8-8D73-8839970AE2B2}"
EndProject
Project("{9A19103F-16F7-4668-BE54-9A1E7A4F7556}") = "singleton-design-pattern", "src\singleton-design-pattern\singleton-design-pattern.csproj", "{646E5C99-4D14-4197-A7D5-49CE160E7EFE}"
EndProject
Project("{9A19103F-16F7-4668-BE54-9A1E7A4F7556}") = "specification-design-pattern", "src\specification-design-pattern\specification-design-pattern.csproj", "{2B5F0A48-E708-4A2E-A15F-0CC94EACE94E}"
EndProject
Project("{9A19103F-16F7-4668-BE54-9A1E7A4F7556}") = "state-design-pattern", "src\state-design-pattern\state-design-pattern.csproj", "{2FFAD135-6B30-4888-81B3-872575AC3B5A}"
EndProject
Project("{9A19103F-16F7-4668-BE54-9A1E7A4F7556}") = "strategy-design-pattern", "src\strategy-design-pattern\strategy-design-pattern.csproj", "{F64F8AAE-BFE7-4E9E-80CF-0D986A026C81}"
EndProject
Project("{9A19103F-16F7-4668-BE54-9A1E7A4F7556}") = "template-method-design-pattern", "src\template-method-design-pattern\template-method-design-pattern.csproj", "{7DFDA4DA-F738-4F7C-B1E2-5C8BEF73F10C}"
EndProject
Project("{9A19103F-16F7-4668-BE54-9A1E7A4F7556}") = "thread-pool-design-pattern", "src\thread-pool-design-pattern\thread-pool-design-pattern.csproj", "{B4FBEDEC-DE4D-42AD-99B0-EE6A5332BA2A}"
EndProject
Project("{9A19103F-16F7-4668-BE54-9A1E7A4F7556}") = "translator-design-pattern", "src\translator-design-pattern\translator-design-pattern.csproj", "{78762356-6E16-4E68-BD22-01E519B0B9E7}"
EndProject
Project("{9A19103F-16F7-4668-BE54-9A1E7A4F7556}") = "twin-design-pattern", "src\twin-design-pattern\twin-design-pattern.csproj", "{66F88B77-8E7B-45C7-A98F-288868CE0976}"
EndProject
Project("{9A19103F-16F7-4668-BE54-9A1E7A4F7556}") = "visitor-design-pattern", "src\visitor-design-pattern\visitor-design-pattern.csproj", "{E0162474-52E8-4F0A-BE3C-C9D23E770914}"
EndProject
Project("{9A19103F-16F7-4668-BE54-9A1E7A4F7556}") = "wrapper-design-pattern", "src\wrapper-design-pattern\wrapper-design-pattern.csproj", "{DED3C570-85CD-4300-9096-CD36F31CCD88}"
EndProject
Global
	GlobalSection(SolutionConfigurationPlatforms) = preSolution
		Debug|Any CPU = Debug|Any CPU
		Debug|x64 = Debug|x64
		Debug|x86 = Debug|x86
		Release|Any CPU = Release|Any CPU
		Release|x64 = Release|x64
		Release|x86 = Release|x86
	EndGlobalSection
	GlobalSection(ProjectConfigurationPlatforms) = postSolution
		{31A22EF1-0B57-4E07-B50A-7EAE419D05D3}.Debug|Any CPU.ActiveCfg = Debug|Any CPU
		{31A22EF1-0B57-4E07-B50A-7EAE419D05D3}.Debug|Any CPU.Build.0 = Debug|Any CPU
		{31A22EF1-0B57-4E07-B50A-7EAE419D05D3}.Debug|x64.ActiveCfg = Debug|Any CPU
		{31A22EF1-0B57-4E07-B50A-7EAE419D05D3}.Debug|x64.Build.0 = Debug|Any CPU
		{31A22EF1-0B57-4E07-B50A-7EAE419D05D3}.Debug|x86.ActiveCfg = Debug|Any CPU
		{31A22EF1-0B57-4E07-B50A-7EAE419D05D3}.Debug|x86.Build.0 = Debug|Any CPU
		{31A22EF1-0B57-4E07-B50A-7EAE419D05D3}.Release|Any CPU.ActiveCfg = Release|Any CPU
		{31A22EF1-0B57-4E07-B50A-7EAE419D05D3}.Release|Any CPU.Build.0 = Release|Any CPU
		{31A22EF1-0B57-4E07-B50A-7EAE419D05D3}.Release|x64.ActiveCfg = Release|Any CPU
		{31A22EF1-0B57-4E07-B50A-7EAE419D05D3}.Release|x64.Build.0 = Release|Any CPU
		{31A22EF1-0B57-4E07-B50A-7EAE419D05D3}.Release|x86.ActiveCfg = Release|Any CPU
		{31A22EF1-0B57-4E07-B50A-7EAE419D05D3}.Release|x86.Build.0 = Release|Any CPU
		{A7B763AD-3FE6-44ED-BE99-4706CDF5BAAA}.Debug|Any CPU.ActiveCfg = Debug|Any CPU
		{A7B763AD-3FE6-44ED-BE99-4706CDF5BAAA}.Debug|Any CPU.Build.0 = Debug|Any CPU
		{A7B763AD-3FE6-44ED-BE99-4706CDF5BAAA}.Debug|x64.ActiveCfg = Debug|Any CPU
		{A7B763AD-3FE6-44ED-BE99-4706CDF5BAAA}.Debug|x64.Build.0 = Debug|Any CPU
		{A7B763AD-3FE6-44ED-BE99-4706CDF5BAAA}.Debug|x86.ActiveCfg = Debug|Any CPU
		{A7B763AD-3FE6-44ED-BE99-4706CDF5BAAA}.Debug|x86.Build.0 = Debug|Any CPU
		{A7B763AD-3FE6-44ED-BE99-4706CDF5BAAA}.Release|Any CPU.ActiveCfg = Release|Any CPU
		{A7B763AD-3FE6-44ED-BE99-4706CDF5BAAA}.Release|Any CPU.Build.0 = Release|Any CPU
		{A7B763AD-3FE6-44ED-BE99-4706CDF5BAAA}.Release|x64.ActiveCfg = Release|Any CPU
		{A7B763AD-3FE6-44ED-BE99-4706CDF5BAAA}.Release|x64.Build.0 = Release|Any CPU
		{A7B763AD-3FE6-44ED-BE99-4706CDF5BAAA}.Release|x86.ActiveCfg = Release|Any CPU
		{A7B763AD-3FE6-44ED-BE99-4706CDF5BAAA}.Release|x86.Build.0 = Release|Any CPU
		{1D56BEC5-5ED4-4082-AB95-DB0B95B68A21}.Debug|Any CPU.ActiveCfg = Debug|Any CPU
		{1D56BEC5-5ED4-4082-AB95-DB0B95B68A21}.Debug|Any CPU.Build.0 = Debug|Any CPU
		{1D56BEC5-5ED4-4082-AB95-DB0B95B68A21}.Debug|x64.ActiveCfg = Debug|Any CPU
		{1D56BEC5-5ED4-4082-AB95-DB0B95B68A21}.Debug|x64.Build.0 = Debug|Any CPU
		{1D56BEC5-5ED4-4082-AB95-DB0B95B68A21}.Debug|x86.ActiveCfg = Debug|Any CPU
		{1D56BEC5-5ED4-4082-AB95-DB0B95B68A21}.Debug|x86.Build.0 = Debug|Any CPU
		{1D56BEC5-5ED4-4082-AB95-DB0B95B68A21}.Release|Any CPU.ActiveCfg = Release|Any CPU
		{1D56BEC5-5ED4-4082-AB95-DB0B95B68A21}.Release|Any CPU.Build.0 = Release|Any CPU
		{1D56BEC5-5ED4-4082-AB95-DB0B95B68A21}.Release|x64.ActiveCfg = Release|Any CPU
		{1D56BEC5-5ED4-4082-AB95-DB0B95B68A21}.Release|x64.Build.0 = Release|Any CPU
		{1D56BEC5-5ED4-4082-AB95-DB0B95B68A21}.Release|x86.ActiveCfg = Release|Any CPU
		{1D56BEC5-5ED4-4082-AB95-DB0B95B68A21}.Release|x86.Build.0 = Release|Any CPU
		{CC67A3C0-14D5-4912-A777-DC6E368FAD59}.Debug|Any CPU.ActiveCfg = Debug|Any CPU
		{CC67A3C0-14D5-4912-A777-DC6E368FAD59}.Debug|Any CPU.Build.0 = Debug|Any CPU
		{CC67A3C0-14D5-4912-A777-DC6E368FAD59}.Debug|x64.ActiveCfg = Debug|Any CPU
		{CC67A3C0-14D5-4912-A777-DC6E368FAD59}.Debug|x64.Build.0 = Debug|Any CPU
		{CC67A3C0-14D5-4912-A777-DC6E368FAD59}.Debug|x86.ActiveCfg = Debug|Any CPU
		{CC67A3C0-14D5-4912-A777-DC6E368FAD59}.Debug|x86.Build.0 = Debug|Any CPU
		{CC67A3C0-14D5-4912-A777-DC6E368FAD59}.Release|Any CPU.ActiveCfg = Release|Any CPU
		{CC67A3C0-14D5-4912-A777-DC6E368FAD59}.Release|Any CPU.Build.0 = Release|Any CPU
		{CC67A3C0-14D5-4912-A777-DC6E368FAD59}.Release|x64.ActiveCfg = Release|Any CPU
		{CC67A3C0-14D5-4912-A777-DC6E368FAD59}.Release|x64.Build.0 = Release|Any CPU
		{CC67A3C0-14D5-4912-A777-DC6E368FAD59}.Release|x86.ActiveCfg = Release|Any CPU
		{CC67A3C0-14D5-4912-A777-DC6E368FAD59}.Release|x86.Build.0 = Release|Any CPU
		{4556DDC9-282A-4854-ABDC-23716A0F00F5}.Debug|Any CPU.ActiveCfg = Debug|Any CPU
		{4556DDC9-282A-4854-ABDC-23716A0F00F5}.Debug|Any CPU.Build.0 = Debug|Any CPU
		{4556DDC9-282A-4854-ABDC-23716A0F00F5}.Debug|x64.ActiveCfg = Debug|Any CPU
		{4556DDC9-282A-4854-ABDC-23716A0F00F5}.Debug|x64.Build.0 = Debug|Any CPU
		{4556DDC9-282A-4854-ABDC-23716A0F00F5}.Debug|x86.ActiveCfg = Debug|Any CPU
		{4556DDC9-282A-4854-ABDC-23716A0F00F5}.Debug|x86.Build.0 = Debug|Any CPU
		{4556DDC9-282A-4854-ABDC-23716A0F00F5}.Release|Any CPU.ActiveCfg = Release|Any CPU
		{4556DDC9-282A-4854-ABDC-23716A0F00F5}.Release|Any CPU.Build.0 = Release|Any CPU
		{4556DDC9-282A-4854-ABDC-23716A0F00F5}.Release|x64.ActiveCfg = Release|Any CPU
		{4556DDC9-282A-4854-ABDC-23716A0F00F5}.Release|x64.Build.0 = Release|Any CPU
		{4556DDC9-282A-4854-ABDC-23716A0F00F5}.Release|x86.ActiveCfg = Release|Any CPU
		{4556DDC9-282A-4854-ABDC-23716A0F00F5}.Release|x86.Build.0 = Release|Any CPU
		{FA17F0CF-8DB7-4620-80A8-FA235C8D40F3}.Debug|Any CPU.ActiveCfg = Debug|Any CPU
		{FA17F0CF-8DB7-4620-80A8-FA235C8D40F3}.Debug|Any CPU.Build.0 = Debug|Any CPU
		{FA17F0CF-8DB7-4620-80A8-FA235C8D40F3}.Debug|x64.ActiveCfg = Debug|Any CPU
		{FA17F0CF-8DB7-4620-80A8-FA235C8D40F3}.Debug|x64.Build.0 = Debug|Any CPU
		{FA17F0CF-8DB7-4620-80A8-FA235C8D40F3}.Debug|x86.ActiveCfg = Debug|Any CPU
		{FA17F0CF-8DB7-4620-80A8-FA235C8D40F3}.Debug|x86.Build.0 = Debug|Any CPU
		{FA17F0CF-8DB7-4620-80A8-FA235C8D40F3}.Release|Any CPU.ActiveCfg = Release|Any CPU
		{FA17F0CF-8DB7-4620-80A8-FA235C8D40F3}.Release|Any CPU.Build.0 = Release|Any CPU
		{FA17F0CF-8DB7-4620-80A8-FA235C8D40F3}.Release|x64.ActiveCfg = Release|Any CPU
		{FA17F0CF-8DB7-4620-80A8-FA235C8D40F3}.Release|x64.Build.0 = Release|Any CPU
		{FA17F0CF-8DB7-4620-80A8-FA235C8D40F3}.Release|x86.ActiveCfg = Release|Any CPU
		{FA17F0CF-8DB7-4620-80A8-FA235C8D40F3}.Release|x86.Build.0 = Release|Any CPU
		{C7148232-87E7-4934-97E9-4F986FD16C9A}.Debug|Any CPU.ActiveCfg = Debug|Any CPU
		{C7148232-87E7-4934-97E9-4F986FD16C9A}.Debug|Any CPU.Build.0 = Debug|Any CPU
		{C7148232-87E7-4934-97E9-4F986FD16C9A}.Debug|x64.ActiveCfg = Debug|Any CPU
		{C7148232-87E7-4934-97E9-4F986FD16C9A}.Debug|x64.Build.0 = Debug|Any CPU
		{C7148232-87E7-4934-97E9-4F986FD16C9A}.Debug|x86.ActiveCfg = Debug|Any CPU
		{C7148232-87E7-4934-97E9-4F986FD16C9A}.Debug|x86.Build.0 = Debug|Any CPU
		{C7148232-87E7-4934-97E9-4F986FD16C9A}.Release|Any CPU.ActiveCfg = Release|Any CPU
		{C7148232-87E7-4934-97E9-4F986FD16C9A}.Release|Any CPU.Build.0 = Release|Any CPU
		{C7148232-87E7-4934-97E9-4F986FD16C9A}.Release|x64.ActiveCfg = Release|Any CPU
		{C7148232-87E7-4934-97E9-4F986FD16C9A}.Release|x64.Build.0 = Release|Any CPU
		{C7148232-87E7-4934-97E9-4F986FD16C9A}.Release|x86.ActiveCfg = Release|Any CPU
		{C7148232-87E7-4934-97E9-4F986FD16C9A}.Release|x86.Build.0 = Release|Any CPU
		{7C4A560A-AE73-4798-82FB-AABDC5F47AB0}.Debug|Any CPU.ActiveCfg = Debug|Any CPU
		{7C4A560A-AE73-4798-82FB-AABDC5F47AB0}.Debug|Any CPU.Build.0 = Debug|Any CPU
		{7C4A560A-AE73-4798-82FB-AABDC5F47AB0}.Debug|x64.ActiveCfg = Debug|Any CPU
		{7C4A560A-AE73-4798-82FB-AABDC5F47AB0}.Debug|x64.Build.0 = Debug|Any CPU
		{7C4A560A-AE73-4798-82FB-AABDC5F47AB0}.Debug|x86.ActiveCfg = Debug|Any CPU
		{7C4A560A-AE73-4798-82FB-AABDC5F47AB0}.Debug|x86.Build.0 = Debug|Any CPU
		{7C4A560A-AE73-4798-82FB-AABDC5F47AB0}.Release|Any CPU.ActiveCfg = Release|Any CPU
		{7C4A560A-AE73-4798-82FB-AABDC5F47AB0}.Release|Any CPU.Build.0 = Release|Any CPU
		{7C4A560A-AE73-4798-82FB-AABDC5F47AB0}.Release|x64.ActiveCfg = Release|Any CPU
		{7C4A560A-AE73-4798-82FB-AABDC5F47AB0}.Release|x64.Build.0 = Release|Any CPU
		{7C4A560A-AE73-4798-82FB-AABDC5F47AB0}.Release|x86.ActiveCfg = Release|Any CPU
		{7C4A560A-AE73-4798-82FB-AABDC5F47AB0}.Release|x86.Build.0 = Release|Any CPU
		{67C7C531-66B8-48B6-908C-2A38A0833B35}.Debug|Any CPU.ActiveCfg = Debug|Any CPU
		{67C7C531-66B8-48B6-908C-2A38A0833B35}.Debug|Any CPU.Build.0 = Debug|Any CPU
		{67C7C531-66B8-48B6-908C-2A38A0833B35}.Debug|x64.ActiveCfg = Debug|Any CPU
		{67C7C531-66B8-48B6-908C-2A38A0833B35}.Debug|x64.Build.0 = Debug|Any CPU
		{67C7C531-66B8-48B6-908C-2A38A0833B35}.Debug|x86.ActiveCfg = Debug|Any CPU
		{67C7C531-66B8-48B6-908C-2A38A0833B35}.Debug|x86.Build.0 = Debug|Any CPU
		{67C7C531-66B8-48B6-908C-2A38A0833B35}.Release|Any CPU.ActiveCfg = Release|Any CPU
		{67C7C531-66B8-48B6-908C-2A38A0833B35}.Release|Any CPU.Build.0 = Release|Any CPU
		{67C7C531-66B8-48B6-908C-2A38A0833B35}.Release|x64.ActiveCfg = Release|Any CPU
		{67C7C531-66B8-48B6-908C-2A38A0833B35}.Release|x64.Build.0 = Release|Any CPU
		{67C7C531-66B8-48B6-908C-2A38A0833B35}.Release|x86.ActiveCfg = Release|Any CPU
		{67C7C531-66B8-48B6-908C-2A38A0833B35}.Release|x86.Build.0 = Release|Any CPU
		{6D251305-AAA7-459F-B9A9-ACE560D7DC1D}.Debug|Any CPU.ActiveCfg = Debug|Any CPU
		{6D251305-AAA7-459F-B9A9-ACE560D7DC1D}.Debug|Any CPU.Build.0 = Debug|Any CPU
		{6D251305-AAA7-459F-B9A9-ACE560D7DC1D}.Debug|x64.ActiveCfg = Debug|Any CPU
		{6D251305-AAA7-459F-B9A9-ACE560D7DC1D}.Debug|x64.Build.0 = Debug|Any CPU
		{6D251305-AAA7-459F-B9A9-ACE560D7DC1D}.Debug|x86.ActiveCfg = Debug|Any CPU
		{6D251305-AAA7-459F-B9A9-ACE560D7DC1D}.Debug|x86.Build.0 = Debug|Any CPU
		{6D251305-AAA7-459F-B9A9-ACE560D7DC1D}.Release|Any CPU.ActiveCfg = Release|Any CPU
		{6D251305-AAA7-459F-B9A9-ACE560D7DC1D}.Release|Any CPU.Build.0 = Release|Any CPU
		{6D251305-AAA7-459F-B9A9-ACE560D7DC1D}.Release|x64.ActiveCfg = Release|Any CPU
		{6D251305-AAA7-459F-B9A9-ACE560D7DC1D}.Release|x64.Build.0 = Release|Any CPU
		{6D251305-AAA7-459F-B9A9-ACE560D7DC1D}.Release|x86.ActiveCfg = Release|Any CPU
		{6D251305-AAA7-459F-B9A9-ACE560D7DC1D}.Release|x86.Build.0 = Release|Any CPU
		{C3FCBB95-A588-4B59-B989-675817ED4FA7}.Debug|Any CPU.ActiveCfg = Debug|Any CPU
		{C3FCBB95-A588-4B59-B989-675817ED4FA7}.Debug|Any CPU.Build.0 = Debug|Any CPU
		{C3FCBB95-A588-4B59-B989-675817ED4FA7}.Debug|x64.ActiveCfg = Debug|Any CPU
		{C3FCBB95-A588-4B59-B989-675817ED4FA7}.Debug|x64.Build.0 = Debug|Any CPU
		{C3FCBB95-A588-4B59-B989-675817ED4FA7}.Debug|x86.ActiveCfg = Debug|Any CPU
		{C3FCBB95-A588-4B59-B989-675817ED4FA7}.Debug|x86.Build.0 = Debug|Any CPU
		{C3FCBB95-A588-4B59-B989-675817ED4FA7}.Release|Any CPU.ActiveCfg = Release|Any CPU
		{C3FCBB95-A588-4B59-B989-675817ED4FA7}.Release|Any CPU.Build.0 = Release|Any CPU
		{C3FCBB95-A588-4B59-B989-675817ED4FA7}.Release|x64.ActiveCfg = Release|Any CPU
		{C3FCBB95-A588-4B59-B989-675817ED4FA7}.Release|x64.Build.0 = Release|Any CPU
		{C3FCBB95-A588-4B59-B989-675817ED4FA7}.Release|x86.ActiveCfg = Release|Any CPU
		{C3FCBB95-A588-4B59-B989-675817ED4FA7}.Release|x86.Build.0 = Release|Any CPU
		{14FB14E0-9E5D-4A85-9733-A5DA61E9146C}.Debug|Any CPU.ActiveCfg = Debug|Any CPU
		{14FB14E0-9E5D-4A85-9733-A5DA61E9146C}.Debug|Any CPU.Build.0 = Debug|Any CPU
		{14FB14E0-9E5D-4A85-9733-A5DA61E9146C}.Debug|x64.ActiveCfg = Debug|Any CPU
		{14FB14E0-9E5D-4A85-9733-A5DA61E9146C}.Debug|x64.Build.0 = Debug|Any CPU
		{14FB14E0-9E5D-4A85-9733-A5DA61E9146C}.Debug|x86.ActiveCfg = Debug|Any CPU
		{14FB14E0-9E5D-4A85-9733-A5DA61E9146C}.Debug|x86.Build.0 = Debug|Any CPU
		{14FB14E0-9E5D-4A85-9733-A5DA61E9146C}.Release|Any CPU.ActiveCfg = Release|Any CPU
		{14FB14E0-9E5D-4A85-9733-A5DA61E9146C}.Release|Any CPU.Build.0 = Release|Any CPU
		{14FB14E0-9E5D-4A85-9733-A5DA61E9146C}.Release|x64.ActiveCfg = Release|Any CPU
		{14FB14E0-9E5D-4A85-9733-A5DA61E9146C}.Release|x64.Build.0 = Release|Any CPU
		{14FB14E0-9E5D-4A85-9733-A5DA61E9146C}.Release|x86.ActiveCfg = Release|Any CPU
		{14FB14E0-9E5D-4A85-9733-A5DA61E9146C}.Release|x86.Build.0 = Release|Any CPU
		{DBD70E3B-0C57-452E-A22B-4731FF865DFA}.Debug|Any CPU.ActiveCfg = Debug|Any CPU
		{DBD70E3B-0C57-452E-A22B-4731FF865DFA}.Debug|Any CPU.Build.0 = Debug|Any CPU
		{DBD70E3B-0C57-452E-A22B-4731FF865DFA}.Debug|x64.ActiveCfg = Debug|Any CPU
		{DBD70E3B-0C57-452E-A22B-4731FF865DFA}.Debug|x64.Build.0 = Debug|Any CPU
		{DBD70E3B-0C57-452E-A22B-4731FF865DFA}.Debug|x86.ActiveCfg = Debug|Any CPU
		{DBD70E3B-0C57-452E-A22B-4731FF865DFA}.Debug|x86.Build.0 = Debug|Any CPU
		{DBD70E3B-0C57-452E-A22B-4731FF865DFA}.Release|Any CPU.ActiveCfg = Release|Any CPU
		{DBD70E3B-0C57-452E-A22B-4731FF865DFA}.Release|Any CPU.Build.0 = Release|Any CPU
		{DBD70E3B-0C57-452E-A22B-4731FF865DFA}.Release|x64.ActiveCfg = Release|Any CPU
		{DBD70E3B-0C57-452E-A22B-4731FF865DFA}.Release|x64.Build.0 = Release|Any CPU
		{DBD70E3B-0C57-452E-A22B-4731FF865DFA}.Release|x86.ActiveCfg = Release|Any CPU
		{DBD70E3B-0C57-452E-A22B-4731FF865DFA}.Release|x86.Build.0 = Release|Any CPU
		{087444AC-C5A4-4DEE-8CDB-7FBD5CBE8B26}.Debug|Any CPU.ActiveCfg = Debug|Any CPU
		{087444AC-C5A4-4DEE-8CDB-7FBD5CBE8B26}.Debug|Any CPU.Build.0 = Debug|Any CPU
		{087444AC-C5A4-4DEE-8CDB-7FBD5CBE8B26}.Debug|x64.ActiveCfg = Debug|Any CPU
		{087444AC-C5A4-4DEE-8CDB-7FBD5CBE8B26}.Debug|x64.Build.0 = Debug|Any CPU
		{087444AC-C5A4-4DEE-8CDB-7FBD5CBE8B26}.Debug|x86.ActiveCfg = Debug|Any CPU
		{087444AC-C5A4-4DEE-8CDB-7FBD5CBE8B26}.Debug|x86.Build.0 = Debug|Any CPU
		{087444AC-C5A4-4DEE-8CDB-7FBD5CBE8B26}.Release|Any CPU.ActiveCfg = Release|Any CPU
		{087444AC-C5A4-4DEE-8CDB-7FBD5CBE8B26}.Release|Any CPU.Build.0 = Release|Any CPU
		{087444AC-C5A4-4DEE-8CDB-7FBD5CBE8B26}.Release|x64.ActiveCfg = Release|Any CPU
		{087444AC-C5A4-4DEE-8CDB-7FBD5CBE8B26}.Release|x64.Build.0 = Release|Any CPU
		{087444AC-C5A4-4DEE-8CDB-7FBD5CBE8B26}.Release|x86.ActiveCfg = Release|Any CPU
		{087444AC-C5A4-4DEE-8CDB-7FBD5CBE8B26}.Release|x86.Build.0 = Release|Any CPU
		{D3AA545E-A8AA-47A7-8768-E66849B0E3FC}.Debug|Any CPU.ActiveCfg = Debug|Any CPU
		{D3AA545E-A8AA-47A7-8768-E66849B0E3FC}.Debug|Any CPU.Build.0 = Debug|Any CPU
		{D3AA545E-A8AA-47A7-8768-E66849B0E3FC}.Debug|x64.ActiveCfg = Debug|Any CPU
		{D3AA545E-A8AA-47A7-8768-E66849B0E3FC}.Debug|x64.Build.0 = Debug|Any CPU
		{D3AA545E-A8AA-47A7-8768-E66849B0E3FC}.Debug|x86.ActiveCfg = Debug|Any CPU
		{D3AA545E-A8AA-47A7-8768-E66849B0E3FC}.Debug|x86.Build.0 = Debug|Any CPU
		{D3AA545E-A8AA-47A7-8768-E66849B0E3FC}.Release|Any CPU.ActiveCfg = Release|Any CPU
		{D3AA545E-A8AA-47A7-8768-E66849B0E3FC}.Release|Any CPU.Build.0 = Release|Any CPU
		{D3AA545E-A8AA-47A7-8768-E66849B0E3FC}.Release|x64.ActiveCfg = Release|Any CPU
		{D3AA545E-A8AA-47A7-8768-E66849B0E3FC}.Release|x64.Build.0 = Release|Any CPU
		{D3AA545E-A8AA-47A7-8768-E66849B0E3FC}.Release|x86.ActiveCfg = Release|Any CPU
		{D3AA545E-A8AA-47A7-8768-E66849B0E3FC}.Release|x86.Build.0 = Release|Any CPU
		{867589DE-07C3-47C8-91E1-A8C85FDDA19A}.Debug|Any CPU.ActiveCfg = Debug|Any CPU
		{867589DE-07C3-47C8-91E1-A8C85FDDA19A}.Debug|Any CPU.Build.0 = Debug|Any CPU
		{867589DE-07C3-47C8-91E1-A8C85FDDA19A}.Debug|x64.ActiveCfg = Debug|Any CPU
		{867589DE-07C3-47C8-91E1-A8C85FDDA19A}.Debug|x64.Build.0 = Debug|Any CPU
		{867589DE-07C3-47C8-91E1-A8C85FDDA19A}.Debug|x86.ActiveCfg = Debug|Any CPU
		{867589DE-07C3-47C8-91E1-A8C85FDDA19A}.Debug|x86.Build.0 = Debug|Any CPU
		{867589DE-07C3-47C8-91E1-A8C85FDDA19A}.Release|Any CPU.ActiveCfg = Release|Any CPU
		{867589DE-07C3-47C8-91E1-A8C85FDDA19A}.Release|Any CPU.Build.0 = Release|Any CPU
		{867589DE-07C3-47C8-91E1-A8C85FDDA19A}.Release|x64.ActiveCfg = Release|Any CPU
		{867589DE-07C3-47C8-91E1-A8C85FDDA19A}.Release|x64.Build.0 = Release|Any CPU
		{867589DE-07C3-47C8-91E1-A8C85FDDA19A}.Release|x86.ActiveCfg = Release|Any CPU
		{867589DE-07C3-47C8-91E1-A8C85FDDA19A}.Release|x86.Build.0 = Release|Any CPU
		{F492DB35-5119-44F9-9B7D-B72E93787E9A}.Debug|Any CPU.ActiveCfg = Debug|Any CPU
		{F492DB35-5119-44F9-9B7D-B72E93787E9A}.Debug|Any CPU.Build.0 = Debug|Any CPU
		{F492DB35-5119-44F9-9B7D-B72E93787E9A}.Debug|x64.ActiveCfg = Debug|Any CPU
		{F492DB35-5119-44F9-9B7D-B72E93787E9A}.Debug|x64.Build.0 = Debug|Any CPU
		{F492DB35-5119-44F9-9B7D-B72E93787E9A}.Debug|x86.ActiveCfg = Debug|Any CPU
		{F492DB35-5119-44F9-9B7D-B72E93787E9A}.Debug|x86.Build.0 = Debug|Any CPU
		{F492DB35-5119-44F9-9B7D-B72E93787E9A}.Release|Any CPU.ActiveCfg = Release|Any CPU
		{F492DB35-5119-44F9-9B7D-B72E93787E9A}.Release|Any CPU.Build.0 = Release|Any CPU
		{F492DB35-5119-44F9-9B7D-B72E93787E9A}.Release|x64.ActiveCfg = Release|Any CPU
		{F492DB35-5119-44F9-9B7D-B72E93787E9A}.Release|x64.Build.0 = Release|Any CPU
		{F492DB35-5119-44F9-9B7D-B72E93787E9A}.Release|x86.ActiveCfg = Release|Any CPU
		{F492DB35-5119-44F9-9B7D-B72E93787E9A}.Release|x86.Build.0 = Release|Any CPU
		{163F019A-9FB6-4C59-B0DE-2D0C1A5F8CB5}.Debug|Any CPU.ActiveCfg = Debug|Any CPU
		{163F019A-9FB6-4C59-B0DE-2D0C1A5F8CB5}.Debug|Any CPU.Build.0 = Debug|Any CPU
		{163F019A-9FB6-4C59-B0DE-2D0C1A5F8CB5}.Debug|x64.ActiveCfg = Debug|Any CPU
		{163F019A-9FB6-4C59-B0DE-2D0C1A5F8CB5}.Debug|x64.Build.0 = Debug|Any CPU
		{163F019A-9FB6-4C59-B0DE-2D0C1A5F8CB5}.Debug|x86.ActiveCfg = Debug|Any CPU
		{163F019A-9FB6-4C59-B0DE-2D0C1A5F8CB5}.Debug|x86.Build.0 = Debug|Any CPU
		{163F019A-9FB6-4C59-B0DE-2D0C1A5F8CB5}.Release|Any CPU.ActiveCfg = Release|Any CPU
		{163F019A-9FB6-4C59-B0DE-2D0C1A5F8CB5}.Release|Any CPU.Build.0 = Release|Any CPU
		{163F019A-9FB6-4C59-B0DE-2D0C1A5F8CB5}.Release|x64.ActiveCfg = Release|Any CPU
		{163F019A-9FB6-4C59-B0DE-2D0C1A5F8CB5}.Release|x64.Build.0 = Release|Any CPU
		{163F019A-9FB6-4C59-B0DE-2D0C1A5F8CB5}.Release|x86.ActiveCfg = Release|Any CPU
		{163F019A-9FB6-4C59-B0DE-2D0C1A5F8CB5}.Release|x86.Build.0 = Release|Any CPU
		{DA4226B9-6D6E-40A9-A0FC-D3DFF0B8694E}.Debug|Any CPU.ActiveCfg = Debug|Any CPU
		{DA4226B9-6D6E-40A9-A0FC-D3DFF0B8694E}.Debug|Any CPU.Build.0 = Debug|Any CPU
		{DA4226B9-6D6E-40A9-A0FC-D3DFF0B8694E}.Debug|x64.ActiveCfg = Debug|Any CPU
		{DA4226B9-6D6E-40A9-A0FC-D3DFF0B8694E}.Debug|x64.Build.0 = Debug|Any CPU
		{DA4226B9-6D6E-40A9-A0FC-D3DFF0B8694E}.Debug|x86.ActiveCfg = Debug|Any CPU
		{DA4226B9-6D6E-40A9-A0FC-D3DFF0B8694E}.Debug|x86.Build.0 = Debug|Any CPU
		{DA4226B9-6D6E-40A9-A0FC-D3DFF0B8694E}.Release|Any CPU.ActiveCfg = Release|Any CPU
		{DA4226B9-6D6E-40A9-A0FC-D3DFF0B8694E}.Release|Any CPU.Build.0 = Release|Any CPU
		{DA4226B9-6D6E-40A9-A0FC-D3DFF0B8694E}.Release|x64.ActiveCfg = Release|Any CPU
		{DA4226B9-6D6E-40A9-A0FC-D3DFF0B8694E}.Release|x64.Build.0 = Release|Any CPU
		{DA4226B9-6D6E-40A9-A0FC-D3DFF0B8694E}.Release|x86.ActiveCfg = Release|Any CPU
		{DA4226B9-6D6E-40A9-A0FC-D3DFF0B8694E}.Release|x86.Build.0 = Release|Any CPU
		{32635950-59C9-4AAE-84E2-8500B6DE371F}.Debug|Any CPU.ActiveCfg = Debug|Any CPU
		{32635950-59C9-4AAE-84E2-8500B6DE371F}.Debug|Any CPU.Build.0 = Debug|Any CPU
		{32635950-59C9-4AAE-84E2-8500B6DE371F}.Debug|x64.ActiveCfg = Debug|Any CPU
		{32635950-59C9-4AAE-84E2-8500B6DE371F}.Debug|x64.Build.0 = Debug|Any CPU
		{32635950-59C9-4AAE-84E2-8500B6DE371F}.Debug|x86.ActiveCfg = Debug|Any CPU
		{32635950-59C9-4AAE-84E2-8500B6DE371F}.Debug|x86.Build.0 = Debug|Any CPU
		{32635950-59C9-4AAE-84E2-8500B6DE371F}.Release|Any CPU.ActiveCfg = Release|Any CPU
		{32635950-59C9-4AAE-84E2-8500B6DE371F}.Release|Any CPU.Build.0 = Release|Any CPU
		{32635950-59C9-4AAE-84E2-8500B6DE371F}.Release|x64.ActiveCfg = Release|Any CPU
		{32635950-59C9-4AAE-84E2-8500B6DE371F}.Release|x64.Build.0 = Release|Any CPU
		{32635950-59C9-4AAE-84E2-8500B6DE371F}.Release|x86.ActiveCfg = Release|Any CPU
		{32635950-59C9-4AAE-84E2-8500B6DE371F}.Release|x86.Build.0 = Release|Any CPU
		{539DE18F-23F2-4EF5-AF9B-19D774032A1F}.Debug|Any CPU.ActiveCfg = Debug|Any CPU
		{539DE18F-23F2-4EF5-AF9B-19D774032A1F}.Debug|Any CPU.Build.0 = Debug|Any CPU
		{539DE18F-23F2-4EF5-AF9B-19D774032A1F}.Debug|x64.ActiveCfg = Debug|Any CPU
		{539DE18F-23F2-4EF5-AF9B-19D774032A1F}.Debug|x64.Build.0 = Debug|Any CPU
		{539DE18F-23F2-4EF5-AF9B-19D774032A1F}.Debug|x86.ActiveCfg = Debug|Any CPU
		{539DE18F-23F2-4EF5-AF9B-19D774032A1F}.Debug|x86.Build.0 = Debug|Any CPU
		{539DE18F-23F2-4EF5-AF9B-19D774032A1F}.Release|Any CPU.ActiveCfg = Release|Any CPU
		{539DE18F-23F2-4EF5-AF9B-19D774032A1F}.Release|Any CPU.Build.0 = Release|Any CPU
		{539DE18F-23F2-4EF5-AF9B-19D774032A1F}.Release|x64.ActiveCfg = Release|Any CPU
		{539DE18F-23F2-4EF5-AF9B-19D774032A1F}.Release|x64.Build.0 = Release|Any CPU
		{539DE18F-23F2-4EF5-AF9B-19D774032A1F}.Release|x86.ActiveCfg = Release|Any CPU
		{539DE18F-23F2-4EF5-AF9B-19D774032A1F}.Release|x86.Build.0 = Release|Any CPU
		{49C3E5D5-FF9D-4B0A-8AF4-66EA1BABF7F7}.Debug|Any CPU.ActiveCfg = Debug|Any CPU
		{49C3E5D5-FF9D-4B0A-8AF4-66EA1BABF7F7}.Debug|Any CPU.Build.0 = Debug|Any CPU
		{49C3E5D5-FF9D-4B0A-8AF4-66EA1BABF7F7}.Debug|x64.ActiveCfg = Debug|Any CPU
		{49C3E5D5-FF9D-4B0A-8AF4-66EA1BABF7F7}.Debug|x64.Build.0 = Debug|Any CPU
		{49C3E5D5-FF9D-4B0A-8AF4-66EA1BABF7F7}.Debug|x86.ActiveCfg = Debug|Any CPU
		{49C3E5D5-FF9D-4B0A-8AF4-66EA1BABF7F7}.Debug|x86.Build.0 = Debug|Any CPU
		{49C3E5D5-FF9D-4B0A-8AF4-66EA1BABF7F7}.Release|Any CPU.ActiveCfg = Release|Any CPU
		{49C3E5D5-FF9D-4B0A-8AF4-66EA1BABF7F7}.Release|Any CPU.Build.0 = Release|Any CPU
		{49C3E5D5-FF9D-4B0A-8AF4-66EA1BABF7F7}.Release|x64.ActiveCfg = Release|Any CPU
		{49C3E5D5-FF9D-4B0A-8AF4-66EA1BABF7F7}.Release|x64.Build.0 = Release|Any CPU
		{49C3E5D5-FF9D-4B0A-8AF4-66EA1BABF7F7}.Release|x86.ActiveCfg = Release|Any CPU
		{49C3E5D5-FF9D-4B0A-8AF4-66EA1BABF7F7}.Release|x86.Build.0 = Release|Any CPU
		{3FA88C8C-9326-4E82-A555-578C2C4C3AD8}.Debug|Any CPU.ActiveCfg = Debug|Any CPU
		{3FA88C8C-9326-4E82-A555-578C2C4C3AD8}.Debug|Any CPU.Build.0 = Debug|Any CPU
		{3FA88C8C-9326-4E82-A555-578C2C4C3AD8}.Debug|x64.ActiveCfg = Debug|Any CPU
		{3FA88C8C-9326-4E82-A555-578C2C4C3AD8}.Debug|x64.Build.0 = Debug|Any CPU
		{3FA88C8C-9326-4E82-A555-578C2C4C3AD8}.Debug|x86.ActiveCfg = Debug|Any CPU
		{3FA88C8C-9326-4E82-A555-578C2C4C3AD8}.Debug|x86.Build.0 = Debug|Any CPU
		{3FA88C8C-9326-4E82-A555-578C2C4C3AD8}.Release|Any CPU.ActiveCfg = Release|Any CPU
		{3FA88C8C-9326-4E82-A555-578C2C4C3AD8}.Release|Any CPU.Build.0 = Release|Any CPU
		{3FA88C8C-9326-4E82-A555-578C2C4C3AD8}.Release|x64.ActiveCfg = Release|Any CPU
		{3FA88C8C-9326-4E82-A555-578C2C4C3AD8}.Release|x64.Build.0 = Release|Any CPU
		{3FA88C8C-9326-4E82-A555-578C2C4C3AD8}.Release|x86.ActiveCfg = Release|Any CPU
		{3FA88C8C-9326-4E82-A555-578C2C4C3AD8}.Release|x86.Build.0 = Release|Any CPU
		{6A9EA459-0E8C-441E-A529-469B19491DA9}.Debug|Any CPU.ActiveCfg = Debug|Any CPU
		{6A9EA459-0E8C-441E-A529-469B19491DA9}.Debug|Any CPU.Build.0 = Debug|Any CPU
		{6A9EA459-0E8C-441E-A529-469B19491DA9}.Debug|x64.ActiveCfg = Debug|Any CPU
		{6A9EA459-0E8C-441E-A529-469B19491DA9}.Debug|x64.Build.0 = Debug|Any CPU
		{6A9EA459-0E8C-441E-A529-469B19491DA9}.Debug|x86.ActiveCfg = Debug|Any CPU
		{6A9EA459-0E8C-441E-A529-469B19491DA9}.Debug|x86.Build.0 = Debug|Any CPU
		{6A9EA459-0E8C-441E-A529-469B19491DA9}.Release|Any CPU.ActiveCfg = Release|Any CPU
		{6A9EA459-0E8C-441E-A529-469B19491DA9}.Release|Any CPU.Build.0 = Release|Any CPU
		{6A9EA459-0E8C-441E-A529-469B19491DA9}.Release|x64.ActiveCfg = Release|Any CPU
		{6A9EA459-0E8C-441E-A529-469B19491DA9}.Release|x64.Build.0 = Release|Any CPU
		{6A9EA459-0E8C-441E-A529-469B19491DA9}.Release|x86.ActiveCfg = Release|Any CPU
		{6A9EA459-0E8C-441E-A529-469B19491DA9}.Release|x86.Build.0 = Release|Any CPU
		{1B2813CE-145F-4BF8-A94B-825834D3E6D2}.Debug|Any CPU.ActiveCfg = Debug|Any CPU
		{1B2813CE-145F-4BF8-A94B-825834D3E6D2}.Debug|Any CPU.Build.0 = Debug|Any CPU
		{1B2813CE-145F-4BF8-A94B-825834D3E6D2}.Debug|x64.ActiveCfg = Debug|Any CPU
		{1B2813CE-145F-4BF8-A94B-825834D3E6D2}.Debug|x64.Build.0 = Debug|Any CPU
		{1B2813CE-145F-4BF8-A94B-825834D3E6D2}.Debug|x86.ActiveCfg = Debug|Any CPU
		{1B2813CE-145F-4BF8-A94B-825834D3E6D2}.Debug|x86.Build.0 = Debug|Any CPU
		{1B2813CE-145F-4BF8-A94B-825834D3E6D2}.Release|Any CPU.ActiveCfg = Release|Any CPU
		{1B2813CE-145F-4BF8-A94B-825834D3E6D2}.Release|Any CPU.Build.0 = Release|Any CPU
		{1B2813CE-145F-4BF8-A94B-825834D3E6D2}.Release|x64.ActiveCfg = Release|Any CPU
		{1B2813CE-145F-4BF8-A94B-825834D3E6D2}.Release|x64.Build.0 = Release|Any CPU
		{1B2813CE-145F-4BF8-A94B-825834D3E6D2}.Release|x86.ActiveCfg = Release|Any CPU
		{1B2813CE-145F-4BF8-A94B-825834D3E6D2}.Release|x86.Build.0 = Release|Any CPU
		{45E37956-3531-4254-9858-BAC0CB025638}.Debug|Any CPU.ActiveCfg = Debug|Any CPU
		{45E37956-3531-4254-9858-BAC0CB025638}.Debug|Any CPU.Build.0 = Debug|Any CPU
		{45E37956-3531-4254-9858-BAC0CB025638}.Debug|x64.ActiveCfg = Debug|Any CPU
		{45E37956-3531-4254-9858-BAC0CB025638}.Debug|x64.Build.0 = Debug|Any CPU
		{45E37956-3531-4254-9858-BAC0CB025638}.Debug|x86.ActiveCfg = Debug|Any CPU
		{45E37956-3531-4254-9858-BAC0CB025638}.Debug|x86.Build.0 = Debug|Any CPU
		{45E37956-3531-4254-9858-BAC0CB025638}.Release|Any CPU.ActiveCfg = Release|Any CPU
		{45E37956-3531-4254-9858-BAC0CB025638}.Release|Any CPU.Build.0 = Release|Any CPU
		{45E37956-3531-4254-9858-BAC0CB025638}.Release|x64.ActiveCfg = Release|Any CPU
		{45E37956-3531-4254-9858-BAC0CB025638}.Release|x64.Build.0 = Release|Any CPU
		{45E37956-3531-4254-9858-BAC0CB025638}.Release|x86.ActiveCfg = Release|Any CPU
		{45E37956-3531-4254-9858-BAC0CB025638}.Release|x86.Build.0 = Release|Any CPU
		{AB9CD84B-BE99-49D1-BAEF-9F27A26260DF}.Debug|Any CPU.ActiveCfg = Debug|Any CPU
		{AB9CD84B-BE99-49D1-BAEF-9F27A26260DF}.Debug|Any CPU.Build.0 = Debug|Any CPU
		{AB9CD84B-BE99-49D1-BAEF-9F27A26260DF}.Debug|x64.ActiveCfg = Debug|Any CPU
		{AB9CD84B-BE99-49D1-BAEF-9F27A26260DF}.Debug|x64.Build.0 = Debug|Any CPU
		{AB9CD84B-BE99-49D1-BAEF-9F27A26260DF}.Debug|x86.ActiveCfg = Debug|Any CPU
		{AB9CD84B-BE99-49D1-BAEF-9F27A26260DF}.Debug|x86.Build.0 = Debug|Any CPU
		{AB9CD84B-BE99-49D1-BAEF-9F27A26260DF}.Release|Any CPU.ActiveCfg = Release|Any CPU
		{AB9CD84B-BE99-49D1-BAEF-9F27A26260DF}.Release|Any CPU.Build.0 = Release|Any CPU
		{AB9CD84B-BE99-49D1-BAEF-9F27A26260DF}.Release|x64.ActiveCfg = Release|Any CPU
		{AB9CD84B-BE99-49D1-BAEF-9F27A26260DF}.Release|x64.Build.0 = Release|Any CPU
		{AB9CD84B-BE99-49D1-BAEF-9F27A26260DF}.Release|x86.ActiveCfg = Release|Any CPU
		{AB9CD84B-BE99-49D1-BAEF-9F27A26260DF}.Release|x86.Build.0 = Release|Any CPU
		{6F689A83-B4F4-4CB2-81F8-A271A8CEB6CD}.Debug|Any CPU.ActiveCfg = Debug|Any CPU
		{6F689A83-B4F4-4CB2-81F8-A271A8CEB6CD}.Debug|Any CPU.Build.0 = Debug|Any CPU
		{6F689A83-B4F4-4CB2-81F8-A271A8CEB6CD}.Debug|x64.ActiveCfg = Debug|Any CPU
		{6F689A83-B4F4-4CB2-81F8-A271A8CEB6CD}.Debug|x64.Build.0 = Debug|Any CPU
		{6F689A83-B4F4-4CB2-81F8-A271A8CEB6CD}.Debug|x86.ActiveCfg = Debug|Any CPU
		{6F689A83-B4F4-4CB2-81F8-A271A8CEB6CD}.Debug|x86.Build.0 = Debug|Any CPU
		{6F689A83-B4F4-4CB2-81F8-A271A8CEB6CD}.Release|Any CPU.ActiveCfg = Release|Any CPU
		{6F689A83-B4F4-4CB2-81F8-A271A8CEB6CD}.Release|Any CPU.Build.0 = Release|Any CPU
		{6F689A83-B4F4-4CB2-81F8-A271A8CEB6CD}.Release|x64.ActiveCfg = Release|Any CPU
		{6F689A83-B4F4-4CB2-81F8-A271A8CEB6CD}.Release|x64.Build.0 = Release|Any CPU
		{6F689A83-B4F4-4CB2-81F8-A271A8CEB6CD}.Release|x86.ActiveCfg = Release|Any CPU
		{6F689A83-B4F4-4CB2-81F8-A271A8CEB6CD}.Release|x86.Build.0 = Release|Any CPU
		{B1D6846B-5BBB-450E-A897-C5A6CE897C0A}.Debug|Any CPU.ActiveCfg = Debug|Any CPU
		{B1D6846B-5BBB-450E-A897-C5A6CE897C0A}.Debug|Any CPU.Build.0 = Debug|Any CPU
		{B1D6846B-5BBB-450E-A897-C5A6CE897C0A}.Debug|x64.ActiveCfg = Debug|Any CPU
		{B1D6846B-5BBB-450E-A897-C5A6CE897C0A}.Debug|x64.Build.0 = Debug|Any CPU
		{B1D6846B-5BBB-450E-A897-C5A6CE897C0A}.Debug|x86.ActiveCfg = Debug|Any CPU
		{B1D6846B-5BBB-450E-A897-C5A6CE897C0A}.Debug|x86.Build.0 = Debug|Any CPU
		{B1D6846B-5BBB-450E-A897-C5A6CE897C0A}.Release|Any CPU.ActiveCfg = Release|Any CPU
		{B1D6846B-5BBB-450E-A897-C5A6CE897C0A}.Release|Any CPU.Build.0 = Release|Any CPU
		{B1D6846B-5BBB-450E-A897-C5A6CE897C0A}.Release|x64.ActiveCfg = Release|Any CPU
		{B1D6846B-5BBB-450E-A897-C5A6CE897C0A}.Release|x64.Build.0 = Release|Any CPU
		{B1D6846B-5BBB-450E-A897-C5A6CE897C0A}.Release|x86.ActiveCfg = Release|Any CPU
		{B1D6846B-5BBB-450E-A897-C5A6CE897C0A}.Release|x86.Build.0 = Release|Any CPU
		{D9479099-289B-4B54-B046-47813E4E4D0A}.Debug|Any CPU.ActiveCfg = Debug|Any CPU
		{D9479099-289B-4B54-B046-47813E4E4D0A}.Debug|Any CPU.Build.0 = Debug|Any CPU
		{D9479099-289B-4B54-B046-47813E4E4D0A}.Debug|x64.ActiveCfg = Debug|Any CPU
		{D9479099-289B-4B54-B046-47813E4E4D0A}.Debug|x64.Build.0 = Debug|Any CPU
		{D9479099-289B-4B54-B046-47813E4E4D0A}.Debug|x86.ActiveCfg = Debug|Any CPU
		{D9479099-289B-4B54-B046-47813E4E4D0A}.Debug|x86.Build.0 = Debug|Any CPU
		{D9479099-289B-4B54-B046-47813E4E4D0A}.Release|Any CPU.ActiveCfg = Release|Any CPU
		{D9479099-289B-4B54-B046-47813E4E4D0A}.Release|Any CPU.Build.0 = Release|Any CPU
		{D9479099-289B-4B54-B046-47813E4E4D0A}.Release|x64.ActiveCfg = Release|Any CPU
		{D9479099-289B-4B54-B046-47813E4E4D0A}.Release|x64.Build.0 = Release|Any CPU
		{D9479099-289B-4B54-B046-47813E4E4D0A}.Release|x86.ActiveCfg = Release|Any CPU
		{D9479099-289B-4B54-B046-47813E4E4D0A}.Release|x86.Build.0 = Release|Any CPU
		{CD28172B-EC0D-41EB-ACA1-FB0C8CFE5A89}.Debug|Any CPU.ActiveCfg = Debug|Any CPU
		{CD28172B-EC0D-41EB-ACA1-FB0C8CFE5A89}.Debug|Any CPU.Build.0 = Debug|Any CPU
		{CD28172B-EC0D-41EB-ACA1-FB0C8CFE5A89}.Debug|x64.ActiveCfg = Debug|Any CPU
		{CD28172B-EC0D-41EB-ACA1-FB0C8CFE5A89}.Debug|x64.Build.0 = Debug|Any CPU
		{CD28172B-EC0D-41EB-ACA1-FB0C8CFE5A89}.Debug|x86.ActiveCfg = Debug|Any CPU
		{CD28172B-EC0D-41EB-ACA1-FB0C8CFE5A89}.Debug|x86.Build.0 = Debug|Any CPU
		{CD28172B-EC0D-41EB-ACA1-FB0C8CFE5A89}.Release|Any CPU.ActiveCfg = Release|Any CPU
		{CD28172B-EC0D-41EB-ACA1-FB0C8CFE5A89}.Release|Any CPU.Build.0 = Release|Any CPU
		{CD28172B-EC0D-41EB-ACA1-FB0C8CFE5A89}.Release|x64.ActiveCfg = Release|Any CPU
		{CD28172B-EC0D-41EB-ACA1-FB0C8CFE5A89}.Release|x64.Build.0 = Release|Any CPU
		{CD28172B-EC0D-41EB-ACA1-FB0C8CFE5A89}.Release|x86.ActiveCfg = Release|Any CPU
		{CD28172B-EC0D-41EB-ACA1-FB0C8CFE5A89}.Release|x86.Build.0 = Release|Any CPU
		{CD876CFB-94B3-45AA-9373-8DAA9A18FE29}.Debug|Any CPU.ActiveCfg = Debug|Any CPU
		{CD876CFB-94B3-45AA-9373-8DAA9A18FE29}.Debug|Any CPU.Build.0 = Debug|Any CPU
		{CD876CFB-94B3-45AA-9373-8DAA9A18FE29}.Debug|x64.ActiveCfg = Debug|Any CPU
		{CD876CFB-94B3-45AA-9373-8DAA9A18FE29}.Debug|x64.Build.0 = Debug|Any CPU
		{CD876CFB-94B3-45AA-9373-8DAA9A18FE29}.Debug|x86.ActiveCfg = Debug|Any CPU
		{CD876CFB-94B3-45AA-9373-8DAA9A18FE29}.Debug|x86.Build.0 = Debug|Any CPU
		{CD876CFB-94B3-45AA-9373-8DAA9A18FE29}.Release|Any CPU.ActiveCfg = Release|Any CPU
		{CD876CFB-94B3-45AA-9373-8DAA9A18FE29}.Release|Any CPU.Build.0 = Release|Any CPU
		{CD876CFB-94B3-45AA-9373-8DAA9A18FE29}.Release|x64.ActiveCfg = Release|Any CPU
		{CD876CFB-94B3-45AA-9373-8DAA9A18FE29}.Release|x64.Build.0 = Release|Any CPU
		{CD876CFB-94B3-45AA-9373-8DAA9A18FE29}.Release|x86.ActiveCfg = Release|Any CPU
		{CD876CFB-94B3-45AA-9373-8DAA9A18FE29}.Release|x86.Build.0 = Release|Any CPU
		{F8D965CB-7C59-471D-8DCC-DEC05BE16FF6}.Debug|Any CPU.ActiveCfg = Debug|Any CPU
		{F8D965CB-7C59-471D-8DCC-DEC05BE16FF6}.Debug|Any CPU.Build.0 = Debug|Any CPU
		{F8D965CB-7C59-471D-8DCC-DEC05BE16FF6}.Debug|x64.ActiveCfg = Debug|Any CPU
		{F8D965CB-7C59-471D-8DCC-DEC05BE16FF6}.Debug|x64.Build.0 = Debug|Any CPU
		{F8D965CB-7C59-471D-8DCC-DEC05BE16FF6}.Debug|x86.ActiveCfg = Debug|Any CPU
		{F8D965CB-7C59-471D-8DCC-DEC05BE16FF6}.Debug|x86.Build.0 = Debug|Any CPU
		{F8D965CB-7C59-471D-8DCC-DEC05BE16FF6}.Release|Any CPU.ActiveCfg = Release|Any CPU
		{F8D965CB-7C59-471D-8DCC-DEC05BE16FF6}.Release|Any CPU.Build.0 = Release|Any CPU
		{F8D965CB-7C59-471D-8DCC-DEC05BE16FF6}.Release|x64.ActiveCfg = Release|Any CPU
		{F8D965CB-7C59-471D-8DCC-DEC05BE16FF6}.Release|x64.Build.0 = Release|Any CPU
		{F8D965CB-7C59-471D-8DCC-DEC05BE16FF6}.Release|x86.ActiveCfg = Release|Any CPU
		{F8D965CB-7C59-471D-8DCC-DEC05BE16FF6}.Release|x86.Build.0 = Release|Any CPU
		{42F52A4A-DD8E-4C48-B148-3A5E32EB8D0D}.Debug|Any CPU.ActiveCfg = Debug|Any CPU
		{42F52A4A-DD8E-4C48-B148-3A5E32EB8D0D}.Debug|Any CPU.Build.0 = Debug|Any CPU
		{42F52A4A-DD8E-4C48-B148-3A5E32EB8D0D}.Debug|x64.ActiveCfg = Debug|Any CPU
		{42F52A4A-DD8E-4C48-B148-3A5E32EB8D0D}.Debug|x64.Build.0 = Debug|Any CPU
		{42F52A4A-DD8E-4C48-B148-3A5E32EB8D0D}.Debug|x86.ActiveCfg = Debug|Any CPU
		{42F52A4A-DD8E-4C48-B148-3A5E32EB8D0D}.Debug|x86.Build.0 = Debug|Any CPU
		{42F52A4A-DD8E-4C48-B148-3A5E32EB8D0D}.Release|Any CPU.ActiveCfg = Release|Any CPU
		{42F52A4A-DD8E-4C48-B148-3A5E32EB8D0D}.Release|Any CPU.Build.0 = Release|Any CPU
		{42F52A4A-DD8E-4C48-B148-3A5E32EB8D0D}.Release|x64.ActiveCfg = Release|Any CPU
		{42F52A4A-DD8E-4C48-B148-3A5E32EB8D0D}.Release|x64.Build.0 = Release|Any CPU
		{42F52A4A-DD8E-4C48-B148-3A5E32EB8D0D}.Release|x86.ActiveCfg = Release|Any CPU
		{42F52A4A-DD8E-4C48-B148-3A5E32EB8D0D}.Release|x86.Build.0 = Release|Any CPU
		{47BAAE99-C6EF-46A9-829B-110F97FD3ED5}.Debug|Any CPU.ActiveCfg = Debug|Any CPU
		{47BAAE99-C6EF-46A9-829B-110F97FD3ED5}.Debug|Any CPU.Build.0 = Debug|Any CPU
		{47BAAE99-C6EF-46A9-829B-110F97FD3ED5}.Debug|x64.ActiveCfg = Debug|Any CPU
		{47BAAE99-C6EF-46A9-829B-110F97FD3ED5}.Debug|x64.Build.0 = Debug|Any CPU
		{47BAAE99-C6EF-46A9-829B-110F97FD3ED5}.Debug|x86.ActiveCfg = Debug|Any CPU
		{47BAAE99-C6EF-46A9-829B-110F97FD3ED5}.Debug|x86.Build.0 = Debug|Any CPU
		{47BAAE99-C6EF-46A9-829B-110F97FD3ED5}.Release|Any CPU.ActiveCfg = Release|Any CPU
		{47BAAE99-C6EF-46A9-829B-110F97FD3ED5}.Release|Any CPU.Build.0 = Release|Any CPU
		{47BAAE99-C6EF-46A9-829B-110F97FD3ED5}.Release|x64.ActiveCfg = Release|Any CPU
		{47BAAE99-C6EF-46A9-829B-110F97FD3ED5}.Release|x64.Build.0 = Release|Any CPU
		{47BAAE99-C6EF-46A9-829B-110F97FD3ED5}.Release|x86.ActiveCfg = Release|Any CPU
		{47BAAE99-C6EF-46A9-829B-110F97FD3ED5}.Release|x86.Build.0 = Release|Any CPU
		{953C7A19-8564-4EE7-A46B-9BC70D9CF06E}.Debug|Any CPU.ActiveCfg = Debug|Any CPU
		{953C7A19-8564-4EE7-A46B-9BC70D9CF06E}.Debug|Any CPU.Build.0 = Debug|Any CPU
		{953C7A19-8564-4EE7-A46B-9BC70D9CF06E}.Debug|x64.ActiveCfg = Debug|Any CPU
		{953C7A19-8564-4EE7-A46B-9BC70D9CF06E}.Debug|x64.Build.0 = Debug|Any CPU
		{953C7A19-8564-4EE7-A46B-9BC70D9CF06E}.Debug|x86.ActiveCfg = Debug|Any CPU
		{953C7A19-8564-4EE7-A46B-9BC70D9CF06E}.Debug|x86.Build.0 = Debug|Any CPU
		{953C7A19-8564-4EE7-A46B-9BC70D9CF06E}.Release|Any CPU.ActiveCfg = Release|Any CPU
		{953C7A19-8564-4EE7-A46B-9BC70D9CF06E}.Release|Any CPU.Build.0 = Release|Any CPU
		{953C7A19-8564-4EE7-A46B-9BC70D9CF06E}.Release|x64.ActiveCfg = Release|Any CPU
		{953C7A19-8564-4EE7-A46B-9BC70D9CF06E}.Release|x64.Build.0 = Release|Any CPU
		{953C7A19-8564-4EE7-A46B-9BC70D9CF06E}.Release|x86.ActiveCfg = Release|Any CPU
		{953C7A19-8564-4EE7-A46B-9BC70D9CF06E}.Release|x86.Build.0 = Release|Any CPU
		{A7D938B9-80B0-4F35-84C0-5CBF44411BB3}.Debug|Any CPU.ActiveCfg = Debug|Any CPU
		{A7D938B9-80B0-4F35-84C0-5CBF44411BB3}.Debug|Any CPU.Build.0 = Debug|Any CPU
		{A7D938B9-80B0-4F35-84C0-5CBF44411BB3}.Debug|x64.ActiveCfg = Debug|Any CPU
		{A7D938B9-80B0-4F35-84C0-5CBF44411BB3}.Debug|x64.Build.0 = Debug|Any CPU
		{A7D938B9-80B0-4F35-84C0-5CBF44411BB3}.Debug|x86.ActiveCfg = Debug|Any CPU
		{A7D938B9-80B0-4F35-84C0-5CBF44411BB3}.Debug|x86.Build.0 = Debug|Any CPU
		{A7D938B9-80B0-4F35-84C0-5CBF44411BB3}.Release|Any CPU.ActiveCfg = Release|Any CPU
		{A7D938B9-80B0-4F35-84C0-5CBF44411BB3}.Release|Any CPU.Build.0 = Release|Any CPU
		{A7D938B9-80B0-4F35-84C0-5CBF44411BB3}.Release|x64.ActiveCfg = Release|Any CPU
		{A7D938B9-80B0-4F35-84C0-5CBF44411BB3}.Release|x64.Build.0 = Release|Any CPU
		{A7D938B9-80B0-4F35-84C0-5CBF44411BB3}.Release|x86.ActiveCfg = Release|Any CPU
		{A7D938B9-80B0-4F35-84C0-5CBF44411BB3}.Release|x86.Build.0 = Release|Any CPU
		{E6F4AD14-AA3F-4480-BD06-F5ECA7723119}.Debug|Any CPU.ActiveCfg = Debug|Any CPU
		{E6F4AD14-AA3F-4480-BD06-F5ECA7723119}.Debug|Any CPU.Build.0 = Debug|Any CPU
		{E6F4AD14-AA3F-4480-BD06-F5ECA7723119}.Debug|x64.ActiveCfg = Debug|Any CPU
		{E6F4AD14-AA3F-4480-BD06-F5ECA7723119}.Debug|x64.Build.0 = Debug|Any CPU
		{E6F4AD14-AA3F-4480-BD06-F5ECA7723119}.Debug|x86.ActiveCfg = Debug|Any CPU
		{E6F4AD14-AA3F-4480-BD06-F5ECA7723119}.Debug|x86.Build.0 = Debug|Any CPU
		{E6F4AD14-AA3F-4480-BD06-F5ECA7723119}.Release|Any CPU.ActiveCfg = Release|Any CPU
		{E6F4AD14-AA3F-4480-BD06-F5ECA7723119}.Release|Any CPU.Build.0 = Release|Any CPU
		{E6F4AD14-AA3F-4480-BD06-F5ECA7723119}.Release|x64.ActiveCfg = Release|Any CPU
		{E6F4AD14-AA3F-4480-BD06-F5ECA7723119}.Release|x64.Build.0 = Release|Any CPU
		{E6F4AD14-AA3F-4480-BD06-F5ECA7723119}.Release|x86.ActiveCfg = Release|Any CPU
		{E6F4AD14-AA3F-4480-BD06-F5ECA7723119}.Release|x86.Build.0 = Release|Any CPU
		{F87E30AA-7026-413C-82DD-0DA202D81DA4}.Debug|Any CPU.ActiveCfg = Debug|Any CPU
		{F87E30AA-7026-413C-82DD-0DA202D81DA4}.Debug|Any CPU.Build.0 = Debug|Any CPU
		{F87E30AA-7026-413C-82DD-0DA202D81DA4}.Debug|x64.ActiveCfg = Debug|Any CPU
		{F87E30AA-7026-413C-82DD-0DA202D81DA4}.Debug|x64.Build.0 = Debug|Any CPU
		{F87E30AA-7026-413C-82DD-0DA202D81DA4}.Debug|x86.ActiveCfg = Debug|Any CPU
		{F87E30AA-7026-413C-82DD-0DA202D81DA4}.Debug|x86.Build.0 = Debug|Any CPU
		{F87E30AA-7026-413C-82DD-0DA202D81DA4}.Release|Any CPU.ActiveCfg = Release|Any CPU
		{F87E30AA-7026-413C-82DD-0DA202D81DA4}.Release|Any CPU.Build.0 = Release|Any CPU
		{F87E30AA-7026-413C-82DD-0DA202D81DA4}.Release|x64.ActiveCfg = Release|Any CPU
		{F87E30AA-7026-413C-82DD-0DA202D81DA4}.Release|x64.Build.0 = Release|Any CPU
		{F87E30AA-7026-413C-82DD-0DA202D81DA4}.Release|x86.ActiveCfg = Release|Any CPU
		{F87E30AA-7026-413C-82DD-0DA202D81DA4}.Release|x86.Build.0 = Release|Any CPU
		{4BE1AC95-A664-44B3-B7A2-32B621DE7E0D}.Debug|Any CPU.ActiveCfg = Debug|Any CPU
		{4BE1AC95-A664-44B3-B7A2-32B621DE7E0D}.Debug|Any CPU.Build.0 = Debug|Any CPU
		{4BE1AC95-A664-44B3-B7A2-32B621DE7E0D}.Debug|x64.ActiveCfg = Debug|Any CPU
		{4BE1AC95-A664-44B3-B7A2-32B621DE7E0D}.Debug|x64.Build.0 = Debug|Any CPU
		{4BE1AC95-A664-44B3-B7A2-32B621DE7E0D}.Debug|x86.ActiveCfg = Debug|Any CPU
		{4BE1AC95-A664-44B3-B7A2-32B621DE7E0D}.Debug|x86.Build.0 = Debug|Any CPU
		{4BE1AC95-A664-44B3-B7A2-32B621DE7E0D}.Release|Any CPU.ActiveCfg = Release|Any CPU
		{4BE1AC95-A664-44B3-B7A2-32B621DE7E0D}.Release|Any CPU.Build.0 = Release|Any CPU
		{4BE1AC95-A664-44B3-B7A2-32B621DE7E0D}.Release|x64.ActiveCfg = Release|Any CPU
		{4BE1AC95-A664-44B3-B7A2-32B621DE7E0D}.Release|x64.Build.0 = Release|Any CPU
		{4BE1AC95-A664-44B3-B7A2-32B621DE7E0D}.Release|x86.ActiveCfg = Release|Any CPU
		{4BE1AC95-A664-44B3-B7A2-32B621DE7E0D}.Release|x86.Build.0 = Release|Any CPU
		{7013B30E-AB7B-44CA-BBCA-9A9FBD78633E}.Debug|Any CPU.ActiveCfg = Debug|Any CPU
		{7013B30E-AB7B-44CA-BBCA-9A9FBD78633E}.Debug|Any CPU.Build.0 = Debug|Any CPU
		{7013B30E-AB7B-44CA-BBCA-9A9FBD78633E}.Debug|x64.ActiveCfg = Debug|Any CPU
		{7013B30E-AB7B-44CA-BBCA-9A9FBD78633E}.Debug|x64.Build.0 = Debug|Any CPU
		{7013B30E-AB7B-44CA-BBCA-9A9FBD78633E}.Debug|x86.ActiveCfg = Debug|Any CPU
		{7013B30E-AB7B-44CA-BBCA-9A9FBD78633E}.Debug|x86.Build.0 = Debug|Any CPU
		{7013B30E-AB7B-44CA-BBCA-9A9FBD78633E}.Release|Any CPU.ActiveCfg = Release|Any CPU
		{7013B30E-AB7B-44CA-BBCA-9A9FBD78633E}.Release|Any CPU.Build.0 = Release|Any CPU
		{7013B30E-AB7B-44CA-BBCA-9A9FBD78633E}.Release|x64.ActiveCfg = Release|Any CPU
		{7013B30E-AB7B-44CA-BBCA-9A9FBD78633E}.Release|x64.Build.0 = Release|Any CPU
		{7013B30E-AB7B-44CA-BBCA-9A9FBD78633E}.Release|x86.ActiveCfg = Release|Any CPU
		{7013B30E-AB7B-44CA-BBCA-9A9FBD78633E}.Release|x86.Build.0 = Release|Any CPU
		{20AB73BA-7246-49D5-9D4D-5BB5491DF48A}.Debug|Any CPU.ActiveCfg = Debug|Any CPU
		{20AB73BA-7246-49D5-9D4D-5BB5491DF48A}.Debug|Any CPU.Build.0 = Debug|Any CPU
		{20AB73BA-7246-49D5-9D4D-5BB5491DF48A}.Debug|x64.ActiveCfg = Debug|Any CPU
		{20AB73BA-7246-49D5-9D4D-5BB5491DF48A}.Debug|x64.Build.0 = Debug|Any CPU
		{20AB73BA-7246-49D5-9D4D-5BB5491DF48A}.Debug|x86.ActiveCfg = Debug|Any CPU
		{20AB73BA-7246-49D5-9D4D-5BB5491DF48A}.Debug|x86.Build.0 = Debug|Any CPU
		{20AB73BA-7246-49D5-9D4D-5BB5491DF48A}.Release|Any CPU.ActiveCfg = Release|Any CPU
		{20AB73BA-7246-49D5-9D4D-5BB5491DF48A}.Release|Any CPU.Build.0 = Release|Any CPU
		{20AB73BA-7246-49D5-9D4D-5BB5491DF48A}.Release|x64.ActiveCfg = Release|Any CPU
		{20AB73BA-7246-49D5-9D4D-5BB5491DF48A}.Release|x64.Build.0 = Release|Any CPU
		{20AB73BA-7246-49D5-9D4D-5BB5491DF48A}.Release|x86.ActiveCfg = Release|Any CPU
		{20AB73BA-7246-49D5-9D4D-5BB5491DF48A}.Release|x86.Build.0 = Release|Any CPU
		{1B978700-894B-4DB4-BD4A-A34DA77CB5E2}.Debug|Any CPU.ActiveCfg = Debug|Any CPU
		{1B978700-894B-4DB4-BD4A-A34DA77CB5E2}.Debug|Any CPU.Build.0 = Debug|Any CPU
		{1B978700-894B-4DB4-BD4A-A34DA77CB5E2}.Debug|x64.ActiveCfg = Debug|Any CPU
		{1B978700-894B-4DB4-BD4A-A34DA77CB5E2}.Debug|x64.Build.0 = Debug|Any CPU
		{1B978700-894B-4DB4-BD4A-A34DA77CB5E2}.Debug|x86.ActiveCfg = Debug|Any CPU
		{1B978700-894B-4DB4-BD4A-A34DA77CB5E2}.Debug|x86.Build.0 = Debug|Any CPU
		{1B978700-894B-4DB4-BD4A-A34DA77CB5E2}.Release|Any CPU.ActiveCfg = Release|Any CPU
		{1B978700-894B-4DB4-BD4A-A34DA77CB5E2}.Release|Any CPU.Build.0 = Release|Any CPU
		{1B978700-894B-4DB4-BD4A-A34DA77CB5E2}.Release|x64.ActiveCfg = Release|Any CPU
		{1B978700-894B-4DB4-BD4A-A34DA77CB5E2}.Release|x64.Build.0 = Release|Any CPU
		{1B978700-894B-4DB4-BD4A-A34DA77CB5E2}.Release|x86.ActiveCfg = Release|Any CPU
		{1B978700-894B-4DB4-BD4A-A34DA77CB5E2}.Release|x86.Build.0 = Release|Any CPU
		{46A8C249-6156-45CA-B425-168E93E6CEA5}.Debug|Any CPU.ActiveCfg = Debug|Any CPU
		{46A8C249-6156-45CA-B425-168E93E6CEA5}.Debug|Any CPU.Build.0 = Debug|Any CPU
		{46A8C249-6156-45CA-B425-168E93E6CEA5}.Debug|x64.ActiveCfg = Debug|Any CPU
		{46A8C249-6156-45CA-B425-168E93E6CEA5}.Debug|x64.Build.0 = Debug|Any CPU
		{46A8C249-6156-45CA-B425-168E93E6CEA5}.Debug|x86.ActiveCfg = Debug|Any CPU
		{46A8C249-6156-45CA-B425-168E93E6CEA5}.Debug|x86.Build.0 = Debug|Any CPU
		{46A8C249-6156-45CA-B425-168E93E6CEA5}.Release|Any CPU.ActiveCfg = Release|Any CPU
		{46A8C249-6156-45CA-B425-168E93E6CEA5}.Release|Any CPU.Build.0 = Release|Any CPU
		{46A8C249-6156-45CA-B425-168E93E6CEA5}.Release|x64.ActiveCfg = Release|Any CPU
		{46A8C249-6156-45CA-B425-168E93E6CEA5}.Release|x64.Build.0 = Release|Any CPU
		{46A8C249-6156-45CA-B425-168E93E6CEA5}.Release|x86.ActiveCfg = Release|Any CPU
		{46A8C249-6156-45CA-B425-168E93E6CEA5}.Release|x86.Build.0 = Release|Any CPU
		{4EC49EB1-5E5B-43BF-8994-E5F26C3ACB86}.Debug|Any CPU.ActiveCfg = Debug|Any CPU
		{4EC49EB1-5E5B-43BF-8994-E5F26C3ACB86}.Debug|Any CPU.Build.0 = Debug|Any CPU
		{4EC49EB1-5E5B-43BF-8994-E5F26C3ACB86}.Debug|x64.ActiveCfg = Debug|Any CPU
		{4EC49EB1-5E5B-43BF-8994-E5F26C3ACB86}.Debug|x64.Build.0 = Debug|Any CPU
		{4EC49EB1-5E5B-43BF-8994-E5F26C3ACB86}.Debug|x86.ActiveCfg = Debug|Any CPU
		{4EC49EB1-5E5B-43BF-8994-E5F26C3ACB86}.Debug|x86.Build.0 = Debug|Any CPU
		{4EC49EB1-5E5B-43BF-8994-E5F26C3ACB86}.Release|Any CPU.ActiveCfg = Release|Any CPU
		{4EC49EB1-5E5B-43BF-8994-E5F26C3ACB86}.Release|Any CPU.Build.0 = Release|Any CPU
		{4EC49EB1-5E5B-43BF-8994-E5F26C3ACB86}.Release|x64.ActiveCfg = Release|Any CPU
		{4EC49EB1-5E5B-43BF-8994-E5F26C3ACB86}.Release|x64.Build.0 = Release|Any CPU
		{4EC49EB1-5E5B-43BF-8994-E5F26C3ACB86}.Release|x86.ActiveCfg = Release|Any CPU
		{4EC49EB1-5E5B-43BF-8994-E5F26C3ACB86}.Release|x86.Build.0 = Release|Any CPU
		{C911B6DC-7BED-4EAA-8FC2-47F582214255}.Debug|Any CPU.ActiveCfg = Debug|Any CPU
		{C911B6DC-7BED-4EAA-8FC2-47F582214255}.Debug|Any CPU.Build.0 = Debug|Any CPU
		{C911B6DC-7BED-4EAA-8FC2-47F582214255}.Debug|x64.ActiveCfg = Debug|Any CPU
		{C911B6DC-7BED-4EAA-8FC2-47F582214255}.Debug|x64.Build.0 = Debug|Any CPU
		{C911B6DC-7BED-4EAA-8FC2-47F582214255}.Debug|x86.ActiveCfg = Debug|Any CPU
		{C911B6DC-7BED-4EAA-8FC2-47F582214255}.Debug|x86.Build.0 = Debug|Any CPU
		{C911B6DC-7BED-4EAA-8FC2-47F582214255}.Release|Any CPU.ActiveCfg = Release|Any CPU
		{C911B6DC-7BED-4EAA-8FC2-47F582214255}.Release|Any CPU.Build.0 = Release|Any CPU
		{C911B6DC-7BED-4EAA-8FC2-47F582214255}.Release|x64.ActiveCfg = Release|Any CPU
		{C911B6DC-7BED-4EAA-8FC2-47F582214255}.Release|x64.Build.0 = Release|Any CPU
		{C911B6DC-7BED-4EAA-8FC2-47F582214255}.Release|x86.ActiveCfg = Release|Any CPU
		{C911B6DC-7BED-4EAA-8FC2-47F582214255}.Release|x86.Build.0 = Release|Any CPU
		{60923376-A81F-493F-B5B3-BB260F554F53}.Debug|Any CPU.ActiveCfg = Debug|Any CPU
		{60923376-A81F-493F-B5B3-BB260F554F53}.Debug|Any CPU.Build.0 = Debug|Any CPU
		{60923376-A81F-493F-B5B3-BB260F554F53}.Debug|x64.ActiveCfg = Debug|Any CPU
		{60923376-A81F-493F-B5B3-BB260F554F53}.Debug|x64.Build.0 = Debug|Any CPU
		{60923376-A81F-493F-B5B3-BB260F554F53}.Debug|x86.ActiveCfg = Debug|Any CPU
		{60923376-A81F-493F-B5B3-BB260F554F53}.Debug|x86.Build.0 = Debug|Any CPU
		{60923376-A81F-493F-B5B3-BB260F554F53}.Release|Any CPU.ActiveCfg = Release|Any CPU
		{60923376-A81F-493F-B5B3-BB260F554F53}.Release|Any CPU.Build.0 = Release|Any CPU
		{60923376-A81F-493F-B5B3-BB260F554F53}.Release|x64.ActiveCfg = Release|Any CPU
		{60923376-A81F-493F-B5B3-BB260F554F53}.Release|x64.Build.0 = Release|Any CPU
		{60923376-A81F-493F-B5B3-BB260F554F53}.Release|x86.ActiveCfg = Release|Any CPU
		{60923376-A81F-493F-B5B3-BB260F554F53}.Release|x86.Build.0 = Release|Any CPU
		{FFF68465-64DE-44E6-B40E-925C082BEF5F}.Debug|Any CPU.ActiveCfg = Debug|Any CPU
		{FFF68465-64DE-44E6-B40E-925C082BEF5F}.Debug|Any CPU.Build.0 = Debug|Any CPU
		{FFF68465-64DE-44E6-B40E-925C082BEF5F}.Debug|x64.ActiveCfg = Debug|Any CPU
		{FFF68465-64DE-44E6-B40E-925C082BEF5F}.Debug|x64.Build.0 = Debug|Any CPU
		{FFF68465-64DE-44E6-B40E-925C082BEF5F}.Debug|x86.ActiveCfg = Debug|Any CPU
		{FFF68465-64DE-44E6-B40E-925C082BEF5F}.Debug|x86.Build.0 = Debug|Any CPU
		{FFF68465-64DE-44E6-B40E-925C082BEF5F}.Release|Any CPU.ActiveCfg = Release|Any CPU
		{FFF68465-64DE-44E6-B40E-925C082BEF5F}.Release|Any CPU.Build.0 = Release|Any CPU
		{FFF68465-64DE-44E6-B40E-925C082BEF5F}.Release|x64.ActiveCfg = Release|Any CPU
		{FFF68465-64DE-44E6-B40E-925C082BEF5F}.Release|x64.Build.0 = Release|Any CPU
		{FFF68465-64DE-44E6-B40E-925C082BEF5F}.Release|x86.ActiveCfg = Release|Any CPU
		{FFF68465-64DE-44E6-B40E-925C082BEF5F}.Release|x86.Build.0 = Release|Any CPU
		{AF986C41-0C7D-4AF8-8D73-8839970AE2B2}.Debug|Any CPU.ActiveCfg = Debug|Any CPU
		{AF986C41-0C7D-4AF8-8D73-8839970AE2B2}.Debug|Any CPU.Build.0 = Debug|Any CPU
		{AF986C41-0C7D-4AF8-8D73-8839970AE2B2}.Debug|x64.ActiveCfg = Debug|Any CPU
		{AF986C41-0C7D-4AF8-8D73-8839970AE2B2}.Debug|x64.Build.0 = Debug|Any CPU
		{AF986C41-0C7D-4AF8-8D73-8839970AE2B2}.Debug|x86.ActiveCfg = Debug|Any CPU
		{AF986C41-0C7D-4AF8-8D73-8839970AE2B2}.Debug|x86.Build.0 = Debug|Any CPU
		{AF986C41-0C7D-4AF8-8D73-8839970AE2B2}.Release|Any CPU.ActiveCfg = Release|Any CPU
		{AF986C41-0C7D-4AF8-8D73-8839970AE2B2}.Release|Any CPU.Build.0 = Release|Any CPU
		{AF986C41-0C7D-4AF8-8D73-8839970AE2B2}.Release|x64.ActiveCfg = Release|Any CPU
		{AF986C41-0C7D-4AF8-8D73-8839970AE2B2}.Release|x64.Build.0 = Release|Any CPU
		{AF986C41-0C7D-4AF8-8D73-8839970AE2B2}.Release|x86.ActiveCfg = Release|Any CPU
		{AF986C41-0C7D-4AF8-8D73-8839970AE2B2}.Release|x86.Build.0 = Release|Any CPU
		{646E5C99-4D14-4197-A7D5-49CE160E7EFE}.Debug|Any CPU.ActiveCfg = Debug|Any CPU
		{646E5C99-4D14-4197-A7D5-49CE160E7EFE}.Debug|Any CPU.Build.0 = Debug|Any CPU
		{646E5C99-4D14-4197-A7D5-49CE160E7EFE}.Debug|x64.ActiveCfg = Debug|Any CPU
		{646E5C99-4D14-4197-A7D5-49CE160E7EFE}.Debug|x64.Build.0 = Debug|Any CPU
		{646E5C99-4D14-4197-A7D5-49CE160E7EFE}.Debug|x86.ActiveCfg = Debug|Any CPU
		{646E5C99-4D14-4197-A7D5-49CE160E7EFE}.Debug|x86.Build.0 = Debug|Any CPU
		{646E5C99-4D14-4197-A7D5-49CE160E7EFE}.Release|Any CPU.ActiveCfg = Release|Any CPU
		{646E5C99-4D14-4197-A7D5-49CE160E7EFE}.Release|Any CPU.Build.0 = Release|Any CPU
		{646E5C99-4D14-4197-A7D5-49CE160E7EFE}.Release|x64.ActiveCfg = Release|Any CPU
		{646E5C99-4D14-4197-A7D5-49CE160E7EFE}.Release|x64.Build.0 = Release|Any CPU
		{646E5C99-4D14-4197-A7D5-49CE160E7EFE}.Release|x86.ActiveCfg = Release|Any CPU
		{646E5C99-4D14-4197-A7D5-49CE160E7EFE}.Release|x86.Build.0 = Release|Any CPU
		{2B5F0A48-E708-4A2E-A15F-0CC94EACE94E}.Debug|Any CPU.ActiveCfg = Debug|Any CPU
		{2B5F0A48-E708-4A2E-A15F-0CC94EACE94E}.Debug|Any CPU.Build.0 = Debug|Any CPU
		{2B5F0A48-E708-4A2E-A15F-0CC94EACE94E}.Debug|x64.ActiveCfg = Debug|Any CPU
		{2B5F0A48-E708-4A2E-A15F-0CC94EACE94E}.Debug|x64.Build.0 = Debug|Any CPU
		{2B5F0A48-E708-4A2E-A15F-0CC94EACE94E}.Debug|x86.ActiveCfg = Debug|Any CPU
		{2B5F0A48-E708-4A2E-A15F-0CC94EACE94E}.Debug|x86.Build.0 = Debug|Any CPU
		{2B5F0A48-E708-4A2E-A15F-0CC94EACE94E}.Release|Any CPU.ActiveCfg = Release|Any CPU
		{2B5F0A48-E708-4A2E-A15F-0CC94EACE94E}.Release|Any CPU.Build.0 = Release|Any CPU
		{2B5F0A48-E708-4A2E-A15F-0CC94EACE94E}.Release|x64.ActiveCfg = Release|Any CPU
		{2B5F0A48-E708-4A2E-A15F-0CC94EACE94E}.Release|x64.Build.0 = Release|Any CPU
		{2B5F0A48-E708-4A2E-A15F-0CC94EACE94E}.Release|x86.ActiveCfg = Release|Any CPU
		{2B5F0A48-E708-4A2E-A15F-0CC94EACE94E}.Release|x86.Build.0 = Release|Any CPU
		{2FFAD135-6B30-4888-81B3-872575AC3B5A}.Debug|Any CPU.ActiveCfg = Debug|Any CPU
		{2FFAD135-6B30-4888-81B3-872575AC3B5A}.Debug|Any CPU.Build.0 = Debug|Any CPU
		{2FFAD135-6B30-4888-81B3-872575AC3B5A}.Debug|x64.ActiveCfg = Debug|Any CPU
		{2FFAD135-6B30-4888-81B3-872575AC3B5A}.Debug|x64.Build.0 = Debug|Any CPU
		{2FFAD135-6B30-4888-81B3-872575AC3B5A}.Debug|x86.ActiveCfg = Debug|Any CPU
		{2FFAD135-6B30-4888-81B3-872575AC3B5A}.Debug|x86.Build.0 = Debug|Any CPU
		{2FFAD135-6B30-4888-81B3-872575AC3B5A}.Release|Any CPU.ActiveCfg = Release|Any CPU
		{2FFAD135-6B30-4888-81B3-872575AC3B5A}.Release|Any CPU.Build.0 = Release|Any CPU
		{2FFAD135-6B30-4888-81B3-872575AC3B5A}.Release|x64.ActiveCfg = Release|Any CPU
		{2FFAD135-6B30-4888-81B3-872575AC3B5A}.Release|x64.Build.0 = Release|Any CPU
		{2FFAD135-6B30-4888-81B3-872575AC3B5A}.Release|x86.ActiveCfg = Release|Any CPU
		{2FFAD135-6B30-4888-81B3-872575AC3B5A}.Release|x86.Build.0 = Release|Any CPU
		{F64F8AAE-BFE7-4E9E-80CF-0D986A026C81}.Debug|Any CPU.ActiveCfg = Debug|Any CPU
		{F64F8AAE-BFE7-4E9E-80CF-0D986A026C81}.Debug|Any CPU.Build.0 = Debug|Any CPU
		{F64F8AAE-BFE7-4E9E-80CF-0D986A026C81}.Debug|x64.ActiveCfg = Debug|Any CPU
		{F64F8AAE-BFE7-4E9E-80CF-0D986A026C81}.Debug|x64.Build.0 = Debug|Any CPU
		{F64F8AAE-BFE7-4E9E-80CF-0D986A026C81}.Debug|x86.ActiveCfg = Debug|Any CPU
		{F64F8AAE-BFE7-4E9E-80CF-0D986A026C81}.Debug|x86.Build.0 = Debug|Any CPU
		{F64F8AAE-BFE7-4E9E-80CF-0D986A026C81}.Release|Any CPU.ActiveCfg = Release|Any CPU
		{F64F8AAE-BFE7-4E9E-80CF-0D986A026C81}.Release|Any CPU.Build.0 = Release|Any CPU
		{F64F8AAE-BFE7-4E9E-80CF-0D986A026C81}.Release|x64.ActiveCfg = Release|Any CPU
		{F64F8AAE-BFE7-4E9E-80CF-0D986A026C81}.Release|x64.Build.0 = Release|Any CPU
		{F64F8AAE-BFE7-4E9E-80CF-0D986A026C81}.Release|x86.ActiveCfg = Release|Any CPU
		{F64F8AAE-BFE7-4E9E-80CF-0D986A026C81}.Release|x86.Build.0 = Release|Any CPU
		{7DFDA4DA-F738-4F7C-B1E2-5C8BEF73F10C}.Debug|Any CPU.ActiveCfg = Debug|Any CPU
		{7DFDA4DA-F738-4F7C-B1E2-5C8BEF73F10C}.Debug|Any CPU.Build.0 = Debug|Any CPU
		{7DFDA4DA-F738-4F7C-B1E2-5C8BEF73F10C}.Debug|x64.ActiveCfg = Debug|Any CPU
		{7DFDA4DA-F738-4F7C-B1E2-5C8BEF73F10C}.Debug|x64.Build.0 = Debug|Any CPU
		{7DFDA4DA-F738-4F7C-B1E2-5C8BEF73F10C}.Debug|x86.ActiveCfg = Debug|Any CPU
		{7DFDA4DA-F738-4F7C-B1E2-5C8BEF73F10C}.Debug|x86.Build.0 = Debug|Any CPU
		{7DFDA4DA-F738-4F7C-B1E2-5C8BEF73F10C}.Release|Any CPU.ActiveCfg = Release|Any CPU
		{7DFDA4DA-F738-4F7C-B1E2-5C8BEF73F10C}.Release|Any CPU.Build.0 = Release|Any CPU
		{7DFDA4DA-F738-4F7C-B1E2-5C8BEF73F10C}.Release|x64.ActiveCfg = Release|Any CPU
		{7DFDA4DA-F738-4F7C-B1E2-5C8BEF73F10C}.Release|x64.Build.0 = Release|Any CPU
		{7DFDA4DA-F738-4F7C-B1E2-5C8BEF73F10C}.Release|x86.ActiveCfg = Release|Any CPU
		{7DFDA4DA-F738-4F7C-B1E2-5C8BEF73F10C}.Release|x86.Build.0 = Release|Any CPU
		{B4FBEDEC-DE4D-42AD-99B0-EE6A5332BA2A}.Debug|Any CPU.ActiveCfg = Debug|Any CPU
		{B4FBEDEC-DE4D-42AD-99B0-EE6A5332BA2A}.Debug|Any CPU.Build.0 = Debug|Any CPU
		{B4FBEDEC-DE4D-42AD-99B0-EE6A5332BA2A}.Debug|x64.ActiveCfg = Debug|Any CPU
		{B4FBEDEC-DE4D-42AD-99B0-EE6A5332BA2A}.Debug|x64.Build.0 = Debug|Any CPU
		{B4FBEDEC-DE4D-42AD-99B0-EE6A5332BA2A}.Debug|x86.ActiveCfg = Debug|Any CPU
		{B4FBEDEC-DE4D-42AD-99B0-EE6A5332BA2A}.Debug|x86.Build.0 = Debug|Any CPU
		{B4FBEDEC-DE4D-42AD-99B0-EE6A5332BA2A}.Release|Any CPU.ActiveCfg = Release|Any CPU
		{B4FBEDEC-DE4D-42AD-99B0-EE6A5332BA2A}.Release|Any CPU.Build.0 = Release|Any CPU
		{B4FBEDEC-DE4D-42AD-99B0-EE6A5332BA2A}.Release|x64.ActiveCfg = Release|Any CPU
		{B4FBEDEC-DE4D-42AD-99B0-EE6A5332BA2A}.Release|x64.Build.0 = Release|Any CPU
		{B4FBEDEC-DE4D-42AD-99B0-EE6A5332BA2A}.Release|x86.ActiveCfg = Release|Any CPU
		{B4FBEDEC-DE4D-42AD-99B0-EE6A5332BA2A}.Release|x86.Build.0 = Release|Any CPU
		{78762356-6E16-4E68-BD22-01E519B0B9E7}.Debug|Any CPU.ActiveCfg = Debug|Any CPU
		{78762356-6E16-4E68-BD22-01E519B0B9E7}.Debug|Any CPU.Build.0 = Debug|Any CPU
		{78762356-6E16-4E68-BD22-01E519B0B9E7}.Debug|x64.ActiveCfg = Debug|Any CPU
		{78762356-6E16-4E68-BD22-01E519B0B9E7}.Debug|x64.Build.0 = Debug|Any CPU
		{78762356-6E16-4E68-BD22-01E519B0B9E7}.Debug|x86.ActiveCfg = Debug|Any CPU
		{78762356-6E16-4E68-BD22-01E519B0B9E7}.Debug|x86.Build.0 = Debug|Any CPU
		{78762356-6E16-4E68-BD22-01E519B0B9E7}.Release|Any CPU.ActiveCfg = Release|Any CPU
		{78762356-6E16-4E68-BD22-01E519B0B9E7}.Release|Any CPU.Build.0 = Release|Any CPU
		{78762356-6E16-4E68-BD22-01E519B0B9E7}.Release|x64.ActiveCfg = Release|Any CPU
		{78762356-6E16-4E68-BD22-01E519B0B9E7}.Release|x64.Build.0 = Release|Any CPU
		{78762356-6E16-4E68-BD22-01E519B0B9E7}.Release|x86.ActiveCfg = Release|Any CPU
		{78762356-6E16-4E68-BD22-01E519B0B9E7}.Release|x86.Build.0 = Release|Any CPU
		{66F88B77-8E7B-45C7-A98F-288868CE0976}.Debug|Any CPU.ActiveCfg = Debug|Any CPU
		{66F88B77-8E7B-45C7-A98F-288868CE0976}.Debug|Any CPU.Build.0 = Debug|Any CPU
		{66F88B77-8E7B-45C7-A98F-288868CE0976}.Debug|x64.ActiveCfg = Debug|Any CPU
		{66F88B77-8E7B-45C7-A98F-288868CE0976}.Debug|x64.Build.0 = Debug|Any CPU
		{66F88B77-8E7B-45C7-A98F-288868CE0976}.Debug|x86.ActiveCfg = Debug|Any CPU
		{66F88B77-8E7B-45C7-A98F-288868CE0976}.Debug|x86.Build.0 = Debug|Any CPU
		{66F88B77-8E7B-45C7-A98F-288868CE0976}.Release|Any CPU.ActiveCfg = Release|Any CPU
		{66F88B77-8E7B-45C7-A98F-288868CE0976}.Release|Any CPU.Build.0 = Release|Any CPU
		{66F88B77-8E7B-45C7-A98F-288868CE0976}.Release|x64.ActiveCfg = Release|Any CPU
		{66F88B77-8E7B-45C7-A98F-288868CE0976}.Release|x64.Build.0 = Release|Any CPU
		{66F88B77-8E7B-45C7-A98F-288868CE0976}.Release|x86.ActiveCfg = Release|Any CPU
		{66F88B77-8E7B-45C7-A98F-288868CE0976}.Release|x86.Build.0 = Release|Any CPU
		{E0162474-52E8-4F0A-BE3C-C9D23E770914}.Debug|Any CPU.ActiveCfg = Debug|Any CPU
		{E0162474-52E8-4F0A-BE3C-C9D23E770914}.Debug|Any CPU.Build.0 = Debug|Any CPU
		{E0162474-52E8-4F0A-BE3C-C9D23E770914}.Debug|x64.ActiveCfg = Debug|Any CPU
		{E0162474-52E8-4F0A-BE3C-C9D23E770914}.Debug|x64.Build.0 = Debug|Any CPU
		{E0162474-52E8-4F0A-BE3C-C9D23E770914}.Debug|x86.ActiveCfg = Debug|Any CPU
		{E0162474-52E8-4F0A-BE3C-C9D23E770914}.Debug|x86.Build.0 = Debug|Any CPU
		{E0162474-52E8-4F0A-BE3C-C9D23E770914}.Release|Any CPU.ActiveCfg = Release|Any CPU
		{E0162474-52E8-4F0A-BE3C-C9D23E770914}.Release|Any CPU.Build.0 = Release|Any CPU
		{E0162474-52E8-4F0A-BE3C-C9D23E770914}.Release|x64.ActiveCfg = Release|Any CPU
		{E0162474-52E8-4F0A-BE3C-C9D23E770914}.Release|x64.Build.0 = Release|Any CPU
		{E0162474-52E8-4F0A-BE3C-C9D23E770914}.Release|x86.ActiveCfg = Release|Any CPU
		{E0162474-52E8-4F0A-BE3C-C9D23E770914}.Release|x86.Build.0 = Release|Any CPU
		{DED3C570-85CD-4300-9096-CD36F31CCD88}.Debug|Any CPU.ActiveCfg = Debug|Any CPU
		{DED3C570-85CD-4300-9096-CD36F31CCD88}.Debug|Any CPU.Build.0 = Debug|Any CPU
		{DED3C570-85CD-4300-9096-CD36F31CCD88}.Debug|x64.ActiveCfg = Debug|Any CPU
		{DED3C570-85CD-4300-9096-CD36F31CCD88}.Debug|x64.Build.0 = Debug|Any CPU
		{DED3C570-85CD-4300-9096-CD36F31CCD88}.Debug|x86.ActiveCfg = Debug|Any CPU
		{DED3C570-85CD-4300-9096-CD36F31CCD88}.Debug|x86.Build.0 = Debug|Any CPU
		{DED3C570-85CD-4300-9096-CD36F31CCD88}.Release|Any CPU.ActiveCfg = Release|Any CPU
		{DED3C570-85CD-4300-9096-CD36F31CCD88}.Release|Any CPU.Build.0 = Release|Any CPU
		{DED3C570-85CD-4300-9096-CD36F31CCD88}.Release|x64.ActiveCfg = Release|Any CPU
		{DED3C570-85CD-4300-9096-CD36F31CCD88}.Release|x64.Build.0 = Release|Any CPU
		{DED3C570-85CD-4300-9096-CD36F31CCD88}.Release|x86.ActiveCfg = Release|Any CPU
		{DED3C570-85CD-4300-9096-CD36F31CCD88}.Release|x86.Build.0 = Release|Any CPU
	EndGlobalSection
	GlobalSection(SolutionProperties) = preSolution
		HideSolutionNode = FALSE
	EndGlobalSection
	GlobalSection(NestedProjects) = preSolution
		{31A22EF1-0B57-4E07-B50A-7EAE419D05D3} = {26EC0370-809E-4E17-99E5-4AEB71DA414D}
		{A7B763AD-3FE6-44ED-BE99-4706CDF5BAAA} = {26EC0370-809E-4E17-99E5-4AEB71DA414D}
		{1D56BEC5-5ED4-4082-AB95-DB0B95B68A21} = {26EC0370-809E-4E17-99E5-4AEB71DA414D}
		{CC67A3C0-14D5-4912-A777-DC6E368FAD59} = {26EC0370-809E-4E17-99E5-4AEB71DA414D}
		{4556DDC9-282A-4854-ABDC-23716A0F00F5} = {26EC0370-809E-4E17-99E5-4AEB71DA414D}
		{FA17F0CF-8DB7-4620-80A8-FA235C8D40F3} = {26EC0370-809E-4E17-99E5-4AEB71DA414D}
		{C7148232-87E7-4934-97E9-4F986FD16C9A} = {26EC0370-809E-4E17-99E5-4AEB71DA414D}
		{7C4A560A-AE73-4798-82FB-AABDC5F47AB0} = {26EC0370-809E-4E17-99E5-4AEB71DA414D}
		{67C7C531-66B8-48B6-908C-2A38A0833B35} = {26EC0370-809E-4E17-99E5-4AEB71DA414D}
		{6D251305-AAA7-459F-B9A9-ACE560D7DC1D} = {26EC0370-809E-4E17-99E5-4AEB71DA414D}
		{C3FCBB95-A588-4B59-B989-675817ED4FA7} = {26EC0370-809E-4E17-99E5-4AEB71DA414D}
		{14FB14E0-9E5D-4A85-9733-A5DA61E9146C} = {26EC0370-809E-4E17-99E5-4AEB71DA414D}
		{DBD70E3B-0C57-452E-A22B-4731FF865DFA} = {26EC0370-809E-4E17-99E5-4AEB71DA414D}
		{087444AC-C5A4-4DEE-8CDB-7FBD5CBE8B26} = {26EC0370-809E-4E17-99E5-4AEB71DA414D}
		{D3AA545E-A8AA-47A7-8768-E66849B0E3FC} = {26EC0370-809E-4E17-99E5-4AEB71DA414D}
		{867589DE-07C3-47C8-91E1-A8C85FDDA19A} = {26EC0370-809E-4E17-99E5-4AEB71DA414D}
		{F492DB35-5119-44F9-9B7D-B72E93787E9A} = {26EC0370-809E-4E17-99E5-4AEB71DA414D}
		{163F019A-9FB6-4C59-B0DE-2D0C1A5F8CB5} = {26EC0370-809E-4E17-99E5-4AEB71DA414D}
		{DA4226B9-6D6E-40A9-A0FC-D3DFF0B8694E} = {26EC0370-809E-4E17-99E5-4AEB71DA414D}
		{32635950-59C9-4AAE-84E2-8500B6DE371F} = {26EC0370-809E-4E17-99E5-4AEB71DA414D}
		{539DE18F-23F2-4EF5-AF9B-19D774032A1F} = {26EC0370-809E-4E17-99E5-4AEB71DA414D}
		{49C3E5D5-FF9D-4B0A-8AF4-66EA1BABF7F7} = {26EC0370-809E-4E17-99E5-4AEB71DA414D}
		{3FA88C8C-9326-4E82-A555-578C2C4C3AD8} = {26EC0370-809E-4E17-99E5-4AEB71DA414D}
		{6A9EA459-0E8C-441E-A529-469B19491DA9} = {26EC0370-809E-4E17-99E5-4AEB71DA414D}
		{1B2813CE-145F-4BF8-A94B-825834D3E6D2} = {26EC0370-809E-4E17-99E5-4AEB71DA414D}
		{45E37956-3531-4254-9858-BAC0CB025638} = {26EC0370-809E-4E17-99E5-4AEB71DA414D}
		{AB9CD84B-BE99-49D1-BAEF-9F27A26260DF} = {26EC0370-809E-4E17-99E5-4AEB71DA414D}
		{6F689A83-B4F4-4CB2-81F8-A271A8CEB6CD} = {26EC0370-809E-4E17-99E5-4AEB71DA414D}
		{B1D6846B-5BBB-450E-A897-C5A6CE897C0A} = {26EC0370-809E-4E17-99E5-4AEB71DA414D}
		{D9479099-289B-4B54-B046-47813E4E4D0A} = {26EC0370-809E-4E17-99E5-4AEB71DA414D}
		{CD28172B-EC0D-41EB-ACA1-FB0C8CFE5A89} = {26EC0370-809E-4E17-99E5-4AEB71DA414D}
		{CD876CFB-94B3-45AA-9373-8DAA9A18FE29} = {26EC0370-809E-4E17-99E5-4AEB71DA414D}
		{F8D965CB-7C59-471D-8DCC-DEC05BE16FF6} = {26EC0370-809E-4E17-99E5-4AEB71DA414D}
		{42F52A4A-DD8E-4C48-B148-3A5E32EB8D0D} = {26EC0370-809E-4E17-99E5-4AEB71DA414D}
		{47BAAE99-C6EF-46A9-829B-110F97FD3ED5} = {26EC0370-809E-4E17-99E5-4AEB71DA414D}
		{953C7A19-8564-4EE7-A46B-9BC70D9CF06E} = {26EC0370-809E-4E17-99E5-4AEB71DA414D}
		{A7D938B9-80B0-4F35-84C0-5CBF44411BB3} = {26EC0370-809E-4E17-99E5-4AEB71DA414D}
		{E6F4AD14-AA3F-4480-BD06-F5ECA7723119} = {26EC0370-809E-4E17-99E5-4AEB71DA414D}
		{F87E30AA-7026-413C-82DD-0DA202D81DA4} = {26EC0370-809E-4E17-99E5-4AEB71DA414D}
		{4BE1AC95-A664-44B3-B7A2-32B621DE7E0D} = {26EC0370-809E-4E17-99E5-4AEB71DA414D}
		{7013B30E-AB7B-44CA-BBCA-9A9FBD78633E} = {26EC0370-809E-4E17-99E5-4AEB71DA414D}
		{20AB73BA-7246-49D5-9D4D-5BB5491DF48A} = {26EC0370-809E-4E17-99E5-4AEB71DA414D}
		{1B978700-894B-4DB4-BD4A-A34DA77CB5E2} = {26EC0370-809E-4E17-99E5-4AEB71DA414D}
		{46A8C249-6156-45CA-B425-168E93E6CEA5} = {26EC0370-809E-4E17-99E5-4AEB71DA414D}
		{4EC49EB1-5E5B-43BF-8994-E5F26C3ACB86} = {26EC0370-809E-4E17-99E5-4AEB71DA414D}
		{C911B6DC-7BED-4EAA-8FC2-47F582214255} = {26EC0370-809E-4E17-99E5-4AEB71DA414D}
		{60923376-A81F-493F-B5B3-BB260F554F53} = {26EC0370-809E-4E17-99E5-4AEB71DA414D}
		{FFF68465-64DE-44E6-B40E-925C082BEF5F} = {26EC0370-809E-4E17-99E5-4AEB71DA414D}
		{AF986C41-0C7D-4AF8-8D73-8839970AE2B2} = {26EC0370-809E-4E17-99E5-4AEB71DA414D}
		{646E5C99-4D14-4197-A7D5-49CE160E7EFE} = {26EC0370-809E-4E17-99E5-4AEB71DA414D}
		{2B5F0A48-E708-4A2E-A15F-0CC94EACE94E} = {26EC0370-809E-4E17-99E5-4AEB71DA414D}
		{2FFAD135-6B30-4888-81B3-872575AC3B5A} = {26EC0370-809E-4E17-99E5-4AEB71DA414D}
		{F64F8AAE-BFE7-4E9E-80CF-0D986A026C81} = {26EC0370-809E-4E17-99E5-4AEB71DA414D}
		{7DFDA4DA-F738-4F7C-B1E2-5C8BEF73F10C} = {26EC0370-809E-4E17-99E5-4AEB71DA414D}
		{B4FBEDEC-DE4D-42AD-99B0-EE6A5332BA2A} = {26EC0370-809E-4E17-99E5-4AEB71DA414D}
		{78762356-6E16-4E68-BD22-01E519B0B9E7} = {26EC0370-809E-4E17-99E5-4AEB71DA414D}
		{66F88B77-8E7B-45C7-A98F-288868CE0976} = {26EC0370-809E-4E17-99E5-4AEB71DA414D}
		{E0162474-52E8-4F0A-BE3C-C9D23E770914} = {26EC0370-809E-4E17-99E5-4AEB71DA414D}
		{DED3C570-85CD-4300-9096-CD36F31CCD88} = {26EC0370-809E-4E17-99E5-4AEB71DA414D}
	EndGlobalSection
	GlobalSection(ExtensibilityGlobals) = postSolution
		SolutionGuid = {86FDED04-DB3C-481E-B8CF-BAA75A3DB075}
	EndGlobalSection
EndGlobal
